
Microsoft Visual Studio Solution File, Format Version 12.00
# Visual Studio Version 16
VisualStudioVersion = 16.0.32126.315
MinimumVisualStudioVersion = 10.0.40219.1
Project("{FAE04EC0-301F-11D3-BF4B-00C04F79EFBC}") = "UnityEngine.TestRunner", "UnityEngine.TestRunner.csproj", "{442663A1-394C-18EE-781B-499699FA6CC4}"
EndProject
Project("{FAE04EC0-301F-11D3-BF4B-00C04F79EFBC}") = "Unity.Mathematics", "Unity.Mathematics.csproj", "{A2E0629F-2015-0AE7-EC3D-E692D710DA3E}"
EndProject
Project("{FAE04EC0-301F-11D3-BF4B-00C04F79EFBC}") = "Unity.2D.Animation.Triangle.Runtime", "Unity.2D.Animation.Triangle.Runtime.csproj", "{9FEE7F61-6DB4-3AA5-58BA-8624498D7750}"
EndProject
Project("{FAE04EC0-301F-11D3-BF4B-00C04F79EFBC}") = "Unity.Timeline", "Unity.Timeline.csproj", "{7492BC06-C247-5545-0773-8C3C03C420E8}"
EndProject
Project("{FAE04EC0-301F-11D3-BF4B-00C04F79EFBC}") = "UnityEngine.UI", "UnityEngine.UI.csproj", "{42FEEBD3-951F-7C17-D376-1063E06B7D4A}"
EndProject
Project("{FAE04EC0-301F-11D3-BF4B-00C04F79EFBC}") = "Unity.TextMeshPro", "Unity.TextMeshPro.csproj", "{82942DD7-1046-4CB8-F5E6-FD2A4B45ECDF}"
EndProject
Project("{FAE04EC0-301F-11D3-BF4B-00C04F79EFBC}") = "Unity.2D.Animation.Runtime", "Unity.2D.Animation.Runtime.csproj", "{C96ED1A9-6550-4B2A-F8DA-95637CEE6846}"
EndProject
Project("{FAE04EC0-301F-11D3-BF4B-00C04F79EFBC}") = "Assembly-CSharp", "Assembly-CSharp.csproj", "{C1BF62FA-C5C9-41A2-2CDF-B0DCBC002D60}"
EndProject
Project("{FAE04EC0-301F-11D3-BF4B-00C04F79EFBC}") = "Unity.2D.IK.Runtime", "Unity.2D.IK.Runtime.csproj", "{47C9CF4B-12CB-B638-8A6A-6811C9853C51}"
EndProject
Project("{FAE04EC0-301F-11D3-BF4B-00C04F79EFBC}") = "Unity.2D.SpriteShape.Runtime", "Unity.2D.SpriteShape.Runtime.csproj", "{44161854-AEB2-7049-44E9-4F1F8854361A}"
EndProject
Project("{FAE04EC0-301F-11D3-BF4B-00C04F79EFBC}") = "Unity.2D.PixelPerfect", "Unity.2D.PixelPerfect.csproj", "{DAC650AD-AB00-1DAE-F5CF-D884C2DC86EE}"
EndProject
Project("{FAE04EC0-301F-11D3-BF4B-00C04F79EFBC}") = "Unity.2D.Common.Runtime", "Unity.2D.Common.Runtime.csproj", "{817E4D0B-F42B-77AC-D85A-AE9711924603}"
EndProject
Project("{FAE04EC0-301F-11D3-BF4B-00C04F79EFBC}") = "Unity.InternalAPIEngineBridge.001", "Unity.InternalAPIEngineBridge.001.csproj", "{45E7A0D9-DCC9-6836-9B82-E0752B0C4B11}"
EndProject
Project("{FAE04EC0-301F-11D3-BF4B-00C04F79EFBC}") = "UnityEditor.TestRunner", "UnityEditor.TestRunner.csproj", "{16D9F7B5-FDD1-890F-45D6-21B7E452B5C0}"
EndProject
Project("{FAE04EC0-301F-11D3-BF4B-00C04F79EFBC}") = "Unity.PlasticSCM.Editor", "Unity.PlasticSCM.Editor.csproj", "{6F0DF1A4-F4FC-6261-5655-A4696FF1BED0}"
EndProject
Project("{FAE04EC0-301F-11D3-BF4B-00C04F79EFBC}") = "UnityEditor.UI", "UnityEditor.UI.csproj", "{583463F1-E9F9-E5D1-17B9-B980C84BE408}"
EndProject
Project("{FAE04EC0-301F-11D3-BF4B-00C04F79EFBC}") = "Unity.Services.Core.Editor", "Unity.Services.Core.Editor.csproj", "{3C7AD156-90B8-012A-FEE0-067D621A0134}"
EndProject
Project("{FAE04EC0-301F-11D3-BF4B-00C04F79EFBC}") = "Unity.Timeline.Editor", "Unity.Timeline.Editor.csproj", "{55FDFCDC-926C-F2AA-FEA6-2D5D65BE9D6A}"
EndProject
Project("{FAE04EC0-301F-11D3-BF4B-00C04F79EFBC}") = "Unity.VisualStudio.Editor", "Unity.VisualStudio.Editor.csproj", "{9FCC7597-90EE-38FF-27C1-917B16824E1E}"
EndProject
Project("{FAE04EC0-301F-11D3-BF4B-00C04F79EFBC}") = "Unity.2D.Psdimporter.Editor", "Unity.2D.Psdimporter.Editor.csproj", "{84E56A88-1123-C4D0-3503-BCAA30D94E4C}"
EndProject
Project("{FAE04EC0-301F-11D3-BF4B-00C04F79EFBC}") = "Unity.2D.Animation.Editor", "Unity.2D.Animation.Editor.csproj", "{AA2FDE17-90F5-3395-27A3-164DDB6B1C7A}"
EndProject
Project("{FAE04EC0-301F-11D3-BF4B-00C04F79EFBC}") = "Unity.TextMeshPro.Editor", "Unity.TextMeshPro.Editor.csproj", "{41E7CA69-7B48-D01E-9BE3-AB7B91DA374F}"
EndProject
Project("{FAE04EC0-301F-11D3-BF4B-00C04F79EFBC}") = "Unity.2D.SpriteShape.Editor", "Unity.2D.SpriteShape.Editor.csproj", "{1E9C0957-1BB4-D28B-E599-B1334DAEEE8F}"
EndProject
Project("{FAE04EC0-301F-11D3-BF4B-00C04F79EFBC}") = "Unity.CollabProxy.Editor", "Unity.CollabProxy.Editor.csproj", "{E6642291-93DA-A807-EBEA-6F33A18B1AC0}"
EndProject
Project("{FAE04EC0-301F-11D3-BF4B-00C04F79EFBC}") = "PsdPlugin", "PsdPlugin.csproj", "{85420AF1-0B5A-4B18-1D7A-F884984DC548}"
EndProject
Project("{FAE04EC0-301F-11D3-BF4B-00C04F79EFBC}") = "Unity.2D.Path.Editor", "Unity.2D.Path.Editor.csproj", "{A183DF9A-6EFB-C323-EF9E-D12361857662}"
EndProject
Project("{FAE04EC0-301F-11D3-BF4B-00C04F79EFBC}") = "Unity.Rider.Editor", "Unity.Rider.Editor.csproj", "{D8151351-974E-229F-724A-C40F6D14916B}"
EndProject
Project("{FAE04EC0-301F-11D3-BF4B-00C04F79EFBC}") = "Unity.2D.IK.Editor", "Unity.2D.IK.Editor.csproj", "{79DE7BA7-58DD-968F-9A54-266823FADD80}"
EndProject
Project("{FAE04EC0-301F-11D3-BF4B-00C04F79EFBC}") = "Unity.2D.Sprite.Editor", "Unity.2D.Sprite.Editor.csproj", "{BCEF8130-47EA-1789-EAB7-82EA5742025B}"
EndProject
Project("{FAE04EC0-301F-11D3-BF4B-00C04F79EFBC}") = "Unity.2D.Tilemap.Editor", "Unity.2D.Tilemap.Editor.csproj", "{38D1B731-8300-C6B4-3A6C-12DA4A691749}"
EndProject
Project("{FAE04EC0-301F-11D3-BF4B-00C04F79EFBC}") = "Unity.2D.PixelPerfect.Editor", "Unity.2D.PixelPerfect.Editor.csproj", "{EC90986D-3745-153A-D5F2-DC98808E631A}"
EndProject
Project("{FAE04EC0-301F-11D3-BF4B-00C04F79EFBC}") = "Unity.VSCode.Editor", "Unity.VSCode.Editor.csproj", "{B251CB1D-8276-E66E-AEE9-B0E2266DECC4}"
EndProject
Project("{FAE04EC0-301F-11D3-BF4B-00C04F79EFBC}") = "Unity.2D.Common.Editor", "Unity.2D.Common.Editor.csproj", "{EF01EF32-3EB1-01B2-F5FC-AC2403A5102C}"
EndProject
Project("{FAE04EC0-301F-11D3-BF4B-00C04F79EFBC}") = "Unity.Mathematics.Editor", "Unity.Mathematics.Editor.csproj", "{79FFC55B-B6E0-6DFB-B6E3-98CA1FDFA194}"
EndProject
Project("{FAE04EC0-301F-11D3-BF4B-00C04F79EFBC}") = "Unity.InternalAPIEditorBridge.001", "Unity.InternalAPIEditorBridge.001.csproj", "{6D0FAF9E-86D8-237B-C9A6-938B394A8082}"
EndProject
Project("{FAE04EC0-301F-11D3-BF4B-00C04F79EFBC}") = "UnityEngine.TestRunner.Player", "UnityEngine.TestRunner.Player.csproj", "{08E1CF59-F2AE-DD3F-20D7-C92D5CDF891B}"
EndProject
Project("{FAE04EC0-301F-11D3-BF4B-00C04F79EFBC}") = "Unity.Mathematics.Player", "Unity.Mathematics.Player.csproj", "{44A6C809-C34C-99B6-F811-E012ED4C9FB7}"
EndProject
Project("{FAE04EC0-301F-11D3-BF4B-00C04F79EFBC}") = "Unity.2D.Animation.Triangle.Runtime.Player", "Unity.2D.Animation.Triangle.Runtime.Player.csproj", "{3C1DCC13-57AC-A32F-DD86-8865EFA9BCBC}"
EndProject
Project("{FAE04EC0-301F-11D3-BF4B-00C04F79EFBC}") = "Unity.Timeline.Player", "Unity.Timeline.Player.csproj", "{524E7B3C-BB14-C922-975F-3BDC2FBA72D1}"
EndProject
Project("{FAE04EC0-301F-11D3-BF4B-00C04F79EFBC}") = "UnityEngine.UI.Player", "UnityEngine.UI.Player.csproj", "{6AC023C6-9E53-61A3-FD4A-F5924C37BC2F}"
EndProject
Project("{FAE04EC0-301F-11D3-BF4B-00C04F79EFBC}") = "Unity.TextMeshPro.Player", "Unity.TextMeshPro.Player.csproj", "{A55B0A9A-C5CA-6A19-D103-58A11B5EFB9C}"
EndProject
Project("{FAE04EC0-301F-11D3-BF4B-00C04F79EFBC}") = "Unity.2D.Animation.Runtime.Player", "Unity.2D.Animation.Runtime.Player.csproj", "{305163CA-C5B6-46C4-EB3B-86B3F8C1559F}"
EndProject
Project("{FAE04EC0-301F-11D3-BF4B-00C04F79EFBC}") = "Assembly-CSharp.Player", "Assembly-CSharp.Player.csproj", "{855DA05B-0715-6D70-0C43-253BED27AC66}"
EndProject
Project("{FAE04EC0-301F-11D3-BF4B-00C04F79EFBC}") = "Unity.2D.IK.Runtime.Player", "Unity.2D.IK.Runtime.Player.csproj", "{1053106B-3FCE-CDBE-5C57-6B4AF86BF337}"
EndProject
Project("{FAE04EC0-301F-11D3-BF4B-00C04F79EFBC}") = "Unity.2D.SpriteShape.Runtime.Player", "Unity.2D.SpriteShape.Runtime.Player.csproj", "{7FB8080D-2D29-B901-9BF5-7757C867CE3A}"
EndProject
Project("{FAE04EC0-301F-11D3-BF4B-00C04F79EFBC}") = "Unity.2D.PixelPerfect.Player", "Unity.2D.PixelPerfect.Player.csproj", "{1E18F60F-7A7A-0F00-BBF8-DB4D8382F1A4}"
EndProject
Project("{FAE04EC0-301F-11D3-BF4B-00C04F79EFBC}") = "Unity.2D.Common.Runtime.Player", "Unity.2D.Common.Runtime.Player.csproj", "{B0FB870A-A674-553C-0BAA-0B3F90E03F0E}"
EndProject
Project("{FAE04EC0-301F-11D3-BF4B-00C04F79EFBC}") = "Unity.InternalAPIEngineBridge.001.Player", "Unity.InternalAPIEngineBridge.001.Player.csproj", "{1E523C69-4A6B-2D8E-30F6-E2DC2D4044A9}"
EndProject
Global
	GlobalSection(SolutionConfigurationPlatforms) = preSolution
		Debug|Any CPU = Debug|Any CPU
		Release|Any CPU = Release|Any CPU
	EndGlobalSection
	GlobalSection(ProjectConfigurationPlatforms) = postSolution
		{442663A1-394C-18EE-781B-499699FA6CC4}.Debug|Any CPU.ActiveCfg = Debug|Any CPU
		{442663A1-394C-18EE-781B-499699FA6CC4}.Debug|Any CPU.Build.0 = Debug|Any CPU
		{442663A1-394C-18EE-781B-499699FA6CC4}.Release|Any CPU.ActiveCfg = Release|Any CPU
		{442663A1-394C-18EE-781B-499699FA6CC4}.Release|Any CPU.Build.0 = Release|Any CPU
		{A2E0629F-2015-0AE7-EC3D-E692D710DA3E}.Debug|Any CPU.ActiveCfg = Debug|Any CPU
		{A2E0629F-2015-0AE7-EC3D-E692D710DA3E}.Debug|Any CPU.Build.0 = Debug|Any CPU
		{A2E0629F-2015-0AE7-EC3D-E692D710DA3E}.Release|Any CPU.ActiveCfg = Release|Any CPU
		{A2E0629F-2015-0AE7-EC3D-E692D710DA3E}.Release|Any CPU.Build.0 = Release|Any CPU
		{9FEE7F61-6DB4-3AA5-58BA-8624498D7750}.Debug|Any CPU.ActiveCfg = Debug|Any CPU
		{9FEE7F61-6DB4-3AA5-58BA-8624498D7750}.Debug|Any CPU.Build.0 = Debug|Any CPU
		{9FEE7F61-6DB4-3AA5-58BA-8624498D7750}.Release|Any CPU.ActiveCfg = Release|Any CPU
		{9FEE7F61-6DB4-3AA5-58BA-8624498D7750}.Release|Any CPU.Build.0 = Release|Any CPU
		{7492BC06-C247-5545-0773-8C3C03C420E8}.Debug|Any CPU.ActiveCfg = Debug|Any CPU
		{7492BC06-C247-5545-0773-8C3C03C420E8}.Debug|Any CPU.Build.0 = Debug|Any CPU
		{7492BC06-C247-5545-0773-8C3C03C420E8}.Release|Any CPU.ActiveCfg = Release|Any CPU
		{7492BC06-C247-5545-0773-8C3C03C420E8}.Release|Any CPU.Build.0 = Release|Any CPU
		{42FEEBD3-951F-7C17-D376-1063E06B7D4A}.Debug|Any CPU.ActiveCfg = Debug|Any CPU
		{42FEEBD3-951F-7C17-D376-1063E06B7D4A}.Debug|Any CPU.Build.0 = Debug|Any CPU
		{42FEEBD3-951F-7C17-D376-1063E06B7D4A}.Release|Any CPU.ActiveCfg = Release|Any CPU
		{42FEEBD3-951F-7C17-D376-1063E06B7D4A}.Release|Any CPU.Build.0 = Release|Any CPU
		{82942DD7-1046-4CB8-F5E6-FD2A4B45ECDF}.Debug|Any CPU.ActiveCfg = Debug|Any CPU
		{82942DD7-1046-4CB8-F5E6-FD2A4B45ECDF}.Debug|Any CPU.Build.0 = Debug|Any CPU
		{82942DD7-1046-4CB8-F5E6-FD2A4B45ECDF}.Release|Any CPU.ActiveCfg = Release|Any CPU
		{82942DD7-1046-4CB8-F5E6-FD2A4B45ECDF}.Release|Any CPU.Build.0 = Release|Any CPU
		{C96ED1A9-6550-4B2A-F8DA-95637CEE6846}.Debug|Any CPU.ActiveCfg = Debug|Any CPU
		{C96ED1A9-6550-4B2A-F8DA-95637CEE6846}.Debug|Any CPU.Build.0 = Debug|Any CPU
		{C96ED1A9-6550-4B2A-F8DA-95637CEE6846}.Release|Any CPU.ActiveCfg = Release|Any CPU
		{C96ED1A9-6550-4B2A-F8DA-95637CEE6846}.Release|Any CPU.Build.0 = Release|Any CPU
		{C1BF62FA-C5C9-41A2-2CDF-B0DCBC002D60}.Debug|Any CPU.ActiveCfg = Debug|Any CPU
		{C1BF62FA-C5C9-41A2-2CDF-B0DCBC002D60}.Debug|Any CPU.Build.0 = Debug|Any CPU
		{C1BF62FA-C5C9-41A2-2CDF-B0DCBC002D60}.Release|Any CPU.ActiveCfg = Release|Any CPU
		{C1BF62FA-C5C9-41A2-2CDF-B0DCBC002D60}.Release|Any CPU.Build.0 = Release|Any CPU
		{47C9CF4B-12CB-B638-8A6A-6811C9853C51}.Debug|Any CPU.ActiveCfg = Debug|Any CPU
		{47C9CF4B-12CB-B638-8A6A-6811C9853C51}.Debug|Any CPU.Build.0 = Debug|Any CPU
		{47C9CF4B-12CB-B638-8A6A-6811C9853C51}.Release|Any CPU.ActiveCfg = Release|Any CPU
		{47C9CF4B-12CB-B638-8A6A-6811C9853C51}.Release|Any CPU.Build.0 = Release|Any CPU
		{44161854-AEB2-7049-44E9-4F1F8854361A}.Debug|Any CPU.ActiveCfg = Debug|Any CPU
		{44161854-AEB2-7049-44E9-4F1F8854361A}.Debug|Any CPU.Build.0 = Debug|Any CPU
		{44161854-AEB2-7049-44E9-4F1F8854361A}.Release|Any CPU.ActiveCfg = Release|Any CPU
		{44161854-AEB2-7049-44E9-4F1F8854361A}.Release|Any CPU.Build.0 = Release|Any CPU
		{DAC650AD-AB00-1DAE-F5CF-D884C2DC86EE}.Debug|Any CPU.ActiveCfg = Debug|Any CPU
		{DAC650AD-AB00-1DAE-F5CF-D884C2DC86EE}.Debug|Any CPU.Build.0 = Debug|Any CPU
		{DAC650AD-AB00-1DAE-F5CF-D884C2DC86EE}.Release|Any CPU.ActiveCfg = Release|Any CPU
		{DAC650AD-AB00-1DAE-F5CF-D884C2DC86EE}.Release|Any CPU.Build.0 = Release|Any CPU
		{817E4D0B-F42B-77AC-D85A-AE9711924603}.Debug|Any CPU.ActiveCfg = Debug|Any CPU
		{817E4D0B-F42B-77AC-D85A-AE9711924603}.Debug|Any CPU.Build.0 = Debug|Any CPU
		{817E4D0B-F42B-77AC-D85A-AE9711924603}.Release|Any CPU.ActiveCfg = Release|Any CPU
		{817E4D0B-F42B-77AC-D85A-AE9711924603}.Release|Any CPU.Build.0 = Release|Any CPU
		{45E7A0D9-DCC9-6836-9B82-E0752B0C4B11}.Debug|Any CPU.ActiveCfg = Debug|Any CPU
		{45E7A0D9-DCC9-6836-9B82-E0752B0C4B11}.Debug|Any CPU.Build.0 = Debug|Any CPU
		{45E7A0D9-DCC9-6836-9B82-E0752B0C4B11}.Release|Any CPU.ActiveCfg = Release|Any CPU
		{45E7A0D9-DCC9-6836-9B82-E0752B0C4B11}.Release|Any CPU.Build.0 = Release|Any CPU
		{16D9F7B5-FDD1-890F-45D6-21B7E452B5C0}.Debug|Any CPU.ActiveCfg = Debug|Any CPU
		{16D9F7B5-FDD1-890F-45D6-21B7E452B5C0}.Debug|Any CPU.Build.0 = Debug|Any CPU
		{16D9F7B5-FDD1-890F-45D6-21B7E452B5C0}.Release|Any CPU.ActiveCfg = Release|Any CPU
		{16D9F7B5-FDD1-890F-45D6-21B7E452B5C0}.Release|Any CPU.Build.0 = Release|Any CPU
		{6F0DF1A4-F4FC-6261-5655-A4696FF1BED0}.Debug|Any CPU.ActiveCfg = Debug|Any CPU
		{6F0DF1A4-F4FC-6261-5655-A4696FF1BED0}.Debug|Any CPU.Build.0 = Debug|Any CPU
		{6F0DF1A4-F4FC-6261-5655-A4696FF1BED0}.Release|Any CPU.ActiveCfg = Release|Any CPU
		{6F0DF1A4-F4FC-6261-5655-A4696FF1BED0}.Release|Any CPU.Build.0 = Release|Any CPU
		{583463F1-E9F9-E5D1-17B9-B980C84BE408}.Debug|Any CPU.ActiveCfg = Debug|Any CPU
		{583463F1-E9F9-E5D1-17B9-B980C84BE408}.Debug|Any CPU.Build.0 = Debug|Any CPU
		{583463F1-E9F9-E5D1-17B9-B980C84BE408}.Release|Any CPU.ActiveCfg = Release|Any CPU
		{583463F1-E9F9-E5D1-17B9-B980C84BE408}.Release|Any CPU.Build.0 = Release|Any CPU
		{3C7AD156-90B8-012A-FEE0-067D621A0134}.Debug|Any CPU.ActiveCfg = Debug|Any CPU
		{3C7AD156-90B8-012A-FEE0-067D621A0134}.Debug|Any CPU.Build.0 = Debug|Any CPU
		{3C7AD156-90B8-012A-FEE0-067D621A0134}.Release|Any CPU.ActiveCfg = Release|Any CPU
		{3C7AD156-90B8-012A-FEE0-067D621A0134}.Release|Any CPU.Build.0 = Release|Any CPU
		{55FDFCDC-926C-F2AA-FEA6-2D5D65BE9D6A}.Debug|Any CPU.ActiveCfg = Debug|Any CPU
		{55FDFCDC-926C-F2AA-FEA6-2D5D65BE9D6A}.Debug|Any CPU.Build.0 = Debug|Any CPU
		{55FDFCDC-926C-F2AA-FEA6-2D5D65BE9D6A}.Release|Any CPU.ActiveCfg = Release|Any CPU
		{55FDFCDC-926C-F2AA-FEA6-2D5D65BE9D6A}.Release|Any CPU.Build.0 = Release|Any CPU
		{9FCC7597-90EE-38FF-27C1-917B16824E1E}.Debug|Any CPU.ActiveCfg = Debug|Any CPU
		{9FCC7597-90EE-38FF-27C1-917B16824E1E}.Debug|Any CPU.Build.0 = Debug|Any CPU
		{9FCC7597-90EE-38FF-27C1-917B16824E1E}.Release|Any CPU.ActiveCfg = Release|Any CPU
		{9FCC7597-90EE-38FF-27C1-917B16824E1E}.Release|Any CPU.Build.0 = Release|Any CPU
		{84E56A88-1123-C4D0-3503-BCAA30D94E4C}.Debug|Any CPU.ActiveCfg = Debug|Any CPU
		{84E56A88-1123-C4D0-3503-BCAA30D94E4C}.Debug|Any CPU.Build.0 = Debug|Any CPU
		{84E56A88-1123-C4D0-3503-BCAA30D94E4C}.Release|Any CPU.ActiveCfg = Release|Any CPU
		{84E56A88-1123-C4D0-3503-BCAA30D94E4C}.Release|Any CPU.Build.0 = Release|Any CPU
		{AA2FDE17-90F5-3395-27A3-164DDB6B1C7A}.Debug|Any CPU.ActiveCfg = Debug|Any CPU
		{AA2FDE17-90F5-3395-27A3-164DDB6B1C7A}.Debug|Any CPU.Build.0 = Debug|Any CPU
		{AA2FDE17-90F5-3395-27A3-164DDB6B1C7A}.Release|Any CPU.ActiveCfg = Release|Any CPU
		{AA2FDE17-90F5-3395-27A3-164DDB6B1C7A}.Release|Any CPU.Build.0 = Release|Any CPU
		{41E7CA69-7B48-D01E-9BE3-AB7B91DA374F}.Debug|Any CPU.ActiveCfg = Debug|Any CPU
		{41E7CA69-7B48-D01E-9BE3-AB7B91DA374F}.Debug|Any CPU.Build.0 = Debug|Any CPU
		{41E7CA69-7B48-D01E-9BE3-AB7B91DA374F}.Release|Any CPU.ActiveCfg = Release|Any CPU
		{41E7CA69-7B48-D01E-9BE3-AB7B91DA374F}.Release|Any CPU.Build.0 = Release|Any CPU
		{1E9C0957-1BB4-D28B-E599-B1334DAEEE8F}.Debug|Any CPU.ActiveCfg = Debug|Any CPU
		{1E9C0957-1BB4-D28B-E599-B1334DAEEE8F}.Debug|Any CPU.Build.0 = Debug|Any CPU
		{1E9C0957-1BB4-D28B-E599-B1334DAEEE8F}.Release|Any CPU.ActiveCfg = Release|Any CPU
		{1E9C0957-1BB4-D28B-E599-B1334DAEEE8F}.Release|Any CPU.Build.0 = Release|Any CPU
		{E6642291-93DA-A807-EBEA-6F33A18B1AC0}.Debug|Any CPU.ActiveCfg = Debug|Any CPU
		{E6642291-93DA-A807-EBEA-6F33A18B1AC0}.Debug|Any CPU.Build.0 = Debug|Any CPU
		{E6642291-93DA-A807-EBEA-6F33A18B1AC0}.Release|Any CPU.ActiveCfg = Release|Any CPU
		{E6642291-93DA-A807-EBEA-6F33A18B1AC0}.Release|Any CPU.Build.0 = Release|Any CPU
		{85420AF1-0B5A-4B18-1D7A-F884984DC548}.Debug|Any CPU.ActiveCfg = Debug|Any CPU
		{85420AF1-0B5A-4B18-1D7A-F884984DC548}.Debug|Any CPU.Build.0 = Debug|Any CPU
		{85420AF1-0B5A-4B18-1D7A-F884984DC548}.Release|Any CPU.ActiveCfg = Release|Any CPU
		{85420AF1-0B5A-4B18-1D7A-F884984DC548}.Release|Any CPU.Build.0 = Release|Any CPU
		{A183DF9A-6EFB-C323-EF9E-D12361857662}.Debug|Any CPU.ActiveCfg = Debug|Any CPU
		{A183DF9A-6EFB-C323-EF9E-D12361857662}.Debug|Any CPU.Build.0 = Debug|Any CPU
		{A183DF9A-6EFB-C323-EF9E-D12361857662}.Release|Any CPU.ActiveCfg = Release|Any CPU
		{A183DF9A-6EFB-C323-EF9E-D12361857662}.Release|Any CPU.Build.0 = Release|Any CPU
		{D8151351-974E-229F-724A-C40F6D14916B}.Debug|Any CPU.ActiveCfg = Debug|Any CPU
		{D8151351-974E-229F-724A-C40F6D14916B}.Debug|Any CPU.Build.0 = Debug|Any CPU
		{D8151351-974E-229F-724A-C40F6D14916B}.Release|Any CPU.ActiveCfg = Release|Any CPU
		{D8151351-974E-229F-724A-C40F6D14916B}.Release|Any CPU.Build.0 = Release|Any CPU
		{79DE7BA7-58DD-968F-9A54-266823FADD80}.Debug|Any CPU.ActiveCfg = Debug|Any CPU
		{79DE7BA7-58DD-968F-9A54-266823FADD80}.Debug|Any CPU.Build.0 = Debug|Any CPU
		{79DE7BA7-58DD-968F-9A54-266823FADD80}.Release|Any CPU.ActiveCfg = Release|Any CPU
		{79DE7BA7-58DD-968F-9A54-266823FADD80}.Release|Any CPU.Build.0 = Release|Any CPU
		{BCEF8130-47EA-1789-EAB7-82EA5742025B}.Debug|Any CPU.ActiveCfg = Debug|Any CPU
		{BCEF8130-47EA-1789-EAB7-82EA5742025B}.Debug|Any CPU.Build.0 = Debug|Any CPU
		{BCEF8130-47EA-1789-EAB7-82EA5742025B}.Release|Any CPU.ActiveCfg = Release|Any CPU
		{BCEF8130-47EA-1789-EAB7-82EA5742025B}.Release|Any CPU.Build.0 = Release|Any CPU
		{38D1B731-8300-C6B4-3A6C-12DA4A691749}.Debug|Any CPU.ActiveCfg = Debug|Any CPU
		{38D1B731-8300-C6B4-3A6C-12DA4A691749}.Debug|Any CPU.Build.0 = Debug|Any CPU
		{38D1B731-8300-C6B4-3A6C-12DA4A691749}.Release|Any CPU.ActiveCfg = Release|Any CPU
		{38D1B731-8300-C6B4-3A6C-12DA4A691749}.Release|Any CPU.Build.0 = Release|Any CPU
		{EC90986D-3745-153A-D5F2-DC98808E631A}.Debug|Any CPU.ActiveCfg = Debug|Any CPU
		{EC90986D-3745-153A-D5F2-DC98808E631A}.Debug|Any CPU.Build.0 = Debug|Any CPU
		{EC90986D-3745-153A-D5F2-DC98808E631A}.Release|Any CPU.ActiveCfg = Release|Any CPU
		{EC90986D-3745-153A-D5F2-DC98808E631A}.Release|Any CPU.Build.0 = Release|Any CPU
		{B251CB1D-8276-E66E-AEE9-B0E2266DECC4}.Debug|Any CPU.ActiveCfg = Debug|Any CPU
		{B251CB1D-8276-E66E-AEE9-B0E2266DECC4}.Debug|Any CPU.Build.0 = Debug|Any CPU
		{B251CB1D-8276-E66E-AEE9-B0E2266DECC4}.Release|Any CPU.ActiveCfg = Release|Any CPU
		{B251CB1D-8276-E66E-AEE9-B0E2266DECC4}.Release|Any CPU.Build.0 = Release|Any CPU
		{EF01EF32-3EB1-01B2-F5FC-AC2403A5102C}.Debug|Any CPU.ActiveCfg = Debug|Any CPU
		{EF01EF32-3EB1-01B2-F5FC-AC2403A5102C}.Debug|Any CPU.Build.0 = Debug|Any CPU
		{EF01EF32-3EB1-01B2-F5FC-AC2403A5102C}.Release|Any CPU.ActiveCfg = Release|Any CPU
		{EF01EF32-3EB1-01B2-F5FC-AC2403A5102C}.Release|Any CPU.Build.0 = Release|Any CPU
		{79FFC55B-B6E0-6DFB-B6E3-98CA1FDFA194}.Debug|Any CPU.ActiveCfg = Debug|Any CPU
		{79FFC55B-B6E0-6DFB-B6E3-98CA1FDFA194}.Debug|Any CPU.Build.0 = Debug|Any CPU
		{79FFC55B-B6E0-6DFB-B6E3-98CA1FDFA194}.Release|Any CPU.ActiveCfg = Release|Any CPU
		{79FFC55B-B6E0-6DFB-B6E3-98CA1FDFA194}.Release|Any CPU.Build.0 = Release|Any CPU
		{6D0FAF9E-86D8-237B-C9A6-938B394A8082}.Debug|Any CPU.ActiveCfg = Debug|Any CPU
		{6D0FAF9E-86D8-237B-C9A6-938B394A8082}.Debug|Any CPU.Build.0 = Debug|Any CPU
		{6D0FAF9E-86D8-237B-C9A6-938B394A8082}.Release|Any CPU.ActiveCfg = Release|Any CPU
		{6D0FAF9E-86D8-237B-C9A6-938B394A8082}.Release|Any CPU.Build.0 = Release|Any CPU
		{08E1CF59-F2AE-DD3F-20D7-C92D5CDF891B}.Debug|Any CPU.ActiveCfg = Debug|Any CPU
		{08E1CF59-F2AE-DD3F-20D7-C92D5CDF891B}.Debug|Any CPU.Build.0 = Debug|Any CPU
		{08E1CF59-F2AE-DD3F-20D7-C92D5CDF891B}.Release|Any CPU.ActiveCfg = Release|Any CPU
		{08E1CF59-F2AE-DD3F-20D7-C92D5CDF891B}.Release|Any CPU.Build.0 = Release|Any CPU
		{44A6C809-C34C-99B6-F811-E012ED4C9FB7}.Debug|Any CPU.ActiveCfg = Debug|Any CPU
		{44A6C809-C34C-99B6-F811-E012ED4C9FB7}.Debug|Any CPU.Build.0 = Debug|Any CPU
		{44A6C809-C34C-99B6-F811-E012ED4C9FB7}.Release|Any CPU.ActiveCfg = Release|Any CPU
		{44A6C809-C34C-99B6-F811-E012ED4C9FB7}.Release|Any CPU.Build.0 = Release|Any CPU
		{3C1DCC13-57AC-A32F-DD86-8865EFA9BCBC}.Debug|Any CPU.ActiveCfg = Debug|Any CPU
		{3C1DCC13-57AC-A32F-DD86-8865EFA9BCBC}.Debug|Any CPU.Build.0 = Debug|Any CPU
		{3C1DCC13-57AC-A32F-DD86-8865EFA9BCBC}.Release|Any CPU.ActiveCfg = Release|Any CPU
		{3C1DCC13-57AC-A32F-DD86-8865EFA9BCBC}.Release|Any CPU.Build.0 = Release|Any CPU
		{524E7B3C-BB14-C922-975F-3BDC2FBA72D1}.Debug|Any CPU.ActiveCfg = Debug|Any CPU
		{524E7B3C-BB14-C922-975F-3BDC2FBA72D1}.Debug|Any CPU.Build.0 = Debug|Any CPU
		{524E7B3C-BB14-C922-975F-3BDC2FBA72D1}.Release|Any CPU.ActiveCfg = Release|Any CPU
		{524E7B3C-BB14-C922-975F-3BDC2FBA72D1}.Release|Any CPU.Build.0 = Release|Any CPU
		{6AC023C6-9E53-61A3-FD4A-F5924C37BC2F}.Debug|Any CPU.ActiveCfg = Debug|Any CPU
		{6AC023C6-9E53-61A3-FD4A-F5924C37BC2F}.Debug|Any CPU.Build.0 = Debug|Any CPU
		{6AC023C6-9E53-61A3-FD4A-F5924C37BC2F}.Release|Any CPU.ActiveCfg = Release|Any CPU
		{6AC023C6-9E53-61A3-FD4A-F5924C37BC2F}.Release|Any CPU.Build.0 = Release|Any CPU
		{A55B0A9A-C5CA-6A19-D103-58A11B5EFB9C}.Debug|Any CPU.ActiveCfg = Debug|Any CPU
		{A55B0A9A-C5CA-6A19-D103-58A11B5EFB9C}.Debug|Any CPU.Build.0 = Debug|Any CPU
		{A55B0A9A-C5CA-6A19-D103-58A11B5EFB9C}.Release|Any CPU.ActiveCfg = Release|Any CPU
		{A55B0A9A-C5CA-6A19-D103-58A11B5EFB9C}.Release|Any CPU.Build.0 = Release|Any CPU
		{305163CA-C5B6-46C4-EB3B-86B3F8C1559F}.Debug|Any CPU.ActiveCfg = Debug|Any CPU
		{305163CA-C5B6-46C4-EB3B-86B3F8C1559F}.Debug|Any CPU.Build.0 = Debug|Any CPU
		{305163CA-C5B6-46C4-EB3B-86B3F8C1559F}.Release|Any CPU.ActiveCfg = Release|Any CPU
		{305163CA-C5B6-46C4-EB3B-86B3F8C1559F}.Release|Any CPU.Build.0 = Release|Any CPU
		{855DA05B-0715-6D70-0C43-253BED27AC66}.Debug|Any CPU.ActiveCfg = Debug|Any CPU
		{855DA05B-0715-6D70-0C43-253BED27AC66}.Debug|Any CPU.Build.0 = Debug|Any CPU
		{855DA05B-0715-6D70-0C43-253BED27AC66}.Release|Any CPU.ActiveCfg = Release|Any CPU
		{855DA05B-0715-6D70-0C43-253BED27AC66}.Release|Any CPU.Build.0 = Release|Any CPU
		{1053106B-3FCE-CDBE-5C57-6B4AF86BF337}.Debug|Any CPU.ActiveCfg = Debug|Any CPU
		{1053106B-3FCE-CDBE-5C57-6B4AF86BF337}.Debug|Any CPU.Build.0 = Debug|Any CPU
		{1053106B-3FCE-CDBE-5C57-6B4AF86BF337}.Release|Any CPU.ActiveCfg = Release|Any CPU
		{1053106B-3FCE-CDBE-5C57-6B4AF86BF337}.Release|Any CPU.Build.0 = Release|Any CPU
		{7FB8080D-2D29-B901-9BF5-7757C867CE3A}.Debug|Any CPU.ActiveCfg = Debug|Any CPU
		{7FB8080D-2D29-B901-9BF5-7757C867CE3A}.Debug|Any CPU.Build.0 = Debug|Any CPU
		{7FB8080D-2D29-B901-9BF5-7757C867CE3A}.Release|Any CPU.ActiveCfg = Release|Any CPU
		{7FB8080D-2D29-B901-9BF5-7757C867CE3A}.Release|Any CPU.Build.0 = Release|Any CPU
		{1E18F60F-7A7A-0F00-BBF8-DB4D8382F1A4}.Debug|Any CPU.ActiveCfg = Debug|Any CPU
		{1E18F60F-7A7A-0F00-BBF8-DB4D8382F1A4}.Debug|Any CPU.Build.0 = Debug|Any CPU
		{1E18F60F-7A7A-0F00-BBF8-DB4D8382F1A4}.Release|Any CPU.ActiveCfg = Release|Any CPU
		{1E18F60F-7A7A-0F00-BBF8-DB4D8382F1A4}.Release|Any CPU.Build.0 = Release|Any CPU
		{B0FB870A-A674-553C-0BAA-0B3F90E03F0E}.Debug|Any CPU.ActiveCfg = Debug|Any CPU
		{B0FB870A-A674-553C-0BAA-0B3F90E03F0E}.Debug|Any CPU.Build.0 = Debug|Any CPU
		{B0FB870A-A674-553C-0BAA-0B3F90E03F0E}.Release|Any CPU.ActiveCfg = Release|Any CPU
		{B0FB870A-A674-553C-0BAA-0B3F90E03F0E}.Release|Any CPU.Build.0 = Release|Any CPU
		{1E523C69-4A6B-2D8E-30F6-E2DC2D4044A9}.Debug|Any CPU.ActiveCfg = Debug|Any CPU
		{1E523C69-4A6B-2D8E-30F6-E2DC2D4044A9}.Debug|Any CPU.Build.0 = Debug|Any CPU
		{1E523C69-4A6B-2D8E-30F6-E2DC2D4044A9}.Release|Any CPU.ActiveCfg = Release|Any CPU
		{1E523C69-4A6B-2D8E-30F6-E2DC2D4044A9}.Release|Any CPU.Build.0 = Release|Any CPU
	EndGlobalSection
	GlobalSection(SolutionProperties) = preSolution
		HideSolutionNode = FALSE
	EndGlobalSection
	GlobalSection(ExtensibilityGlobals) = postSolution
		SolutionGuid = {8E5856E2-F085-45F7-94F4-AEC74DBFDD7B}
	EndGlobalSection
EndGlobal
