
Microsoft Visual Studio Solution File, Format Version 11.00
# Visual Studio 2010
Project("{FAE04EC0-301F-11D3-BF4B-00C04F79EFBC}") = "UnityEngine.TestRunner", "UnityEngine.TestRunner.csproj", "{442663a1-394c-18ee-781b-499699fa6cc4}"
EndProject
Project("{FAE04EC0-301F-11D3-BF4B-00C04F79EFBC}") = "Unity.Mathematics", "Unity.Mathematics.csproj", "{a2e0629f-2015-0ae7-ec3d-e692d710da3e}"
EndProject
Project("{FAE04EC0-301F-11D3-BF4B-00C04F79EFBC}") = "Unity.2D.Animation.Triangle.Runtime", "Unity.2D.Animation.Triangle.Runtime.csproj", "{9fee7f61-6db4-3aa5-58ba-8624498d7750}"
EndProject
Project("{FAE04EC0-301F-11D3-BF4B-00C04F79EFBC}") = "Unity.Timeline", "Unity.Timeline.csproj", "{7492bc06-c247-5545-0773-8c3c03c420e8}"
EndProject
Project("{FAE04EC0-301F-11D3-BF4B-00C04F79EFBC}") = "UnityEngine.UI", "UnityEngine.UI.csproj", "{42feebd3-951f-7c17-d376-1063e06b7d4a}"
EndProject
Project("{FAE04EC0-301F-11D3-BF4B-00C04F79EFBC}") = "Unity.TextMeshPro", "Unity.TextMeshPro.csproj", "{82942dd7-1046-4cb8-f5e6-fd2a4b45ecdf}"
EndProject
Project("{FAE04EC0-301F-11D3-BF4B-00C04F79EFBC}") = "Unity.2D.Animation.Runtime", "Unity.2D.Animation.Runtime.csproj", "{c96ed1a9-6550-4b2a-f8da-95637cee6846}"
EndProject
Project("{FAE04EC0-301F-11D3-BF4B-00C04F79EFBC}") = "Assembly-CSharp", "Assembly-CSharp.csproj", "{fa62bfc1-c9c5-a241-2cdf-b0dcbc002d60}"
EndProject
Project("{FAE04EC0-301F-11D3-BF4B-00C04F79EFBC}") = "Unity.2D.IK.Runtime", "Unity.2D.IK.Runtime.csproj", "{47c9cf4b-12cb-b638-8a6a-6811c9853c51}"
EndProject
Project("{FAE04EC0-301F-11D3-BF4B-00C04F79EFBC}") = "Unity.2D.SpriteShape.Runtime", "Unity.2D.SpriteShape.Runtime.csproj", "{44161854-aeb2-7049-44e9-4f1f8854361a}"
EndProject
Project("{FAE04EC0-301F-11D3-BF4B-00C04F79EFBC}") = "Unity.2D.PixelPerfect", "Unity.2D.PixelPerfect.csproj", "{dac650ad-ab00-1dae-f5cf-d884c2dc86ee}"
EndProject
Project("{FAE04EC0-301F-11D3-BF4B-00C04F79EFBC}") = "Unity.2D.Common.Runtime", "Unity.2D.Common.Runtime.csproj", "{817e4d0b-f42b-77ac-d85a-ae9711924603}"
EndProject
Project("{FAE04EC0-301F-11D3-BF4B-00C04F79EFBC}") = "Unity.InternalAPIEngineBridge.001", "Unity.InternalAPIEngineBridge.001.csproj", "{45e7a0d9-dcc9-6836-9b82-e0752b0c4b11}"
EndProject
Project("{FAE04EC0-301F-11D3-BF4B-00C04F79EFBC}") = "UnityEditor.TestRunner", "UnityEditor.TestRunner.csproj", "{16d9f7b5-fdd1-890f-45d6-21b7e452b5c0}"
EndProject
Project("{FAE04EC0-301F-11D3-BF4B-00C04F79EFBC}") = "Unity.PlasticSCM.Editor", "Unity.PlasticSCM.Editor.csproj", "{6f0df1a4-f4fc-6261-5655-a4696ff1bed0}"
EndProject
Project("{FAE04EC0-301F-11D3-BF4B-00C04F79EFBC}") = "UnityEditor.UI", "UnityEditor.UI.csproj", "{583463f1-e9f9-e5d1-17b9-b980c84be408}"
EndProject
Project("{FAE04EC0-301F-11D3-BF4B-00C04F79EFBC}") = "Unity.Services.Core.Editor", "Unity.Services.Core.Editor.csproj", "{3c7ad156-90b8-012a-fee0-067d621a0134}"
EndProject
Project("{FAE04EC0-301F-11D3-BF4B-00C04F79EFBC}") = "Unity.Timeline.Editor", "Unity.Timeline.Editor.csproj", "{55fdfcdc-926c-f2aa-fea6-2d5d65be9d6a}"
EndProject
Project("{FAE04EC0-301F-11D3-BF4B-00C04F79EFBC}") = "Unity.VisualStudio.Editor", "Unity.VisualStudio.Editor.csproj", "{9fcc7597-90ee-38ff-27c1-917b16824e1e}"
EndProject
Project("{FAE04EC0-301F-11D3-BF4B-00C04F79EFBC}") = "Unity.2D.Psdimporter.Editor", "Unity.2D.Psdimporter.Editor.csproj", "{84e56a88-1123-c4d0-3503-bcaa30d94e4c}"
EndProject
Project("{FAE04EC0-301F-11D3-BF4B-00C04F79EFBC}") = "Unity.2D.Animation.Editor", "Unity.2D.Animation.Editor.csproj", "{aa2fde17-90f5-3395-27a3-164ddb6b1c7a}"
EndProject
Project("{FAE04EC0-301F-11D3-BF4B-00C04F79EFBC}") = "Unity.TextMeshPro.Editor", "Unity.TextMeshPro.Editor.csproj", "{41e7ca69-7b48-d01e-9be3-ab7b91da374f}"
EndProject
Project("{FAE04EC0-301F-11D3-BF4B-00C04F79EFBC}") = "Unity.2D.SpriteShape.Editor", "Unity.2D.SpriteShape.Editor.csproj", "{1e9c0957-1bb4-d28b-e599-b1334daeee8f}"
EndProject
Project("{FAE04EC0-301F-11D3-BF4B-00C04F79EFBC}") = "Unity.CollabProxy.Editor", "Unity.CollabProxy.Editor.csproj", "{e6642291-93da-a807-ebea-6f33a18b1ac0}"
EndProject
Project("{FAE04EC0-301F-11D3-BF4B-00C04F79EFBC}") = "PsdPlugin", "PsdPlugin.csproj", "{85420af1-0b5a-4b18-1d7a-f884984dc548}"
EndProject
Project("{FAE04EC0-301F-11D3-BF4B-00C04F79EFBC}") = "Unity.2D.Path.Editor", "Unity.2D.Path.Editor.csproj", "{a183df9a-6efb-c323-ef9e-d12361857662}"
EndProject
Project("{FAE04EC0-301F-11D3-BF4B-00C04F79EFBC}") = "Unity.Rider.Editor", "Unity.Rider.Editor.csproj", "{d8151351-974e-229f-724a-c40f6d14916b}"
EndProject
Project("{FAE04EC0-301F-11D3-BF4B-00C04F79EFBC}") = "Unity.2D.IK.Editor", "Unity.2D.IK.Editor.csproj", "{79de7ba7-58dd-968f-9a54-266823fadd80}"
EndProject
Project("{FAE04EC0-301F-11D3-BF4B-00C04F79EFBC}") = "Unity.2D.Sprite.Editor", "Unity.2D.Sprite.Editor.csproj", "{bcef8130-47ea-1789-eab7-82ea5742025b}"
EndProject
Project("{FAE04EC0-301F-11D3-BF4B-00C04F79EFBC}") = "Unity.2D.Tilemap.Editor", "Unity.2D.Tilemap.Editor.csproj", "{38d1b731-8300-c6b4-3a6c-12da4a691749}"
EndProject
Project("{FAE04EC0-301F-11D3-BF4B-00C04F79EFBC}") = "Unity.2D.PixelPerfect.Editor", "Unity.2D.PixelPerfect.Editor.csproj", "{ec90986d-3745-153a-d5f2-dc98808e631a}"
EndProject
Project("{FAE04EC0-301F-11D3-BF4B-00C04F79EFBC}") = "Unity.VSCode.Editor", "Unity.VSCode.Editor.csproj", "{b251cb1d-8276-e66e-aee9-b0e2266decc4}"
EndProject
Project("{FAE04EC0-301F-11D3-BF4B-00C04F79EFBC}") = "Unity.2D.Common.Editor", "Unity.2D.Common.Editor.csproj", "{ef01ef32-3eb1-01b2-f5fc-ac2403a5102c}"
EndProject
Project("{FAE04EC0-301F-11D3-BF4B-00C04F79EFBC}") = "Unity.Mathematics.Editor", "Unity.Mathematics.Editor.csproj", "{79ffc55b-b6e0-6dfb-b6e3-98ca1fdfa194}"
EndProject
Project("{FAE04EC0-301F-11D3-BF4B-00C04F79EFBC}") = "Unity.InternalAPIEditorBridge.001", "Unity.InternalAPIEditorBridge.001.csproj", "{6d0faf9e-86d8-237b-c9a6-938b394a8082}"
EndProject
Project("{FAE04EC0-301F-11D3-BF4B-00C04F79EFBC}") = "UnityEngine.TestRunner", "UnityEngine.TestRunner.Player.csproj", "{08e1cf59-f2ae-dd3f-20d7-c92d5cdf891b}"
EndProject
Project("{FAE04EC0-301F-11D3-BF4B-00C04F79EFBC}") = "Unity.Mathematics", "Unity.Mathematics.Player.csproj", "{44a6c809-c34c-99b6-f811-e012ed4c9fb7}"
EndProject
Project("{FAE04EC0-301F-11D3-BF4B-00C04F79EFBC}") = "Unity.2D.Animation.Triangle.Runtime", "Unity.2D.Animation.Triangle.Runtime.Player.csproj", "{3c1dcc13-57ac-a32f-dd86-8865efa9bcbc}"
EndProject
Project("{FAE04EC0-301F-11D3-BF4B-00C04F79EFBC}") = "Unity.Timeline", "Unity.Timeline.Player.csproj", "{524e7b3c-bb14-c922-975f-3bdc2fba72d1}"
EndProject
Project("{FAE04EC0-301F-11D3-BF4B-00C04F79EFBC}") = "UnityEngine.UI", "UnityEngine.UI.Player.csproj", "{6ac023c6-9e53-61a3-fd4a-f5924c37bc2f}"
EndProject
Project("{FAE04EC0-301F-11D3-BF4B-00C04F79EFBC}") = "Unity.TextMeshPro", "Unity.TextMeshPro.Player.csproj", "{a55b0a9a-c5ca-6a19-d103-58a11b5efb9c}"
EndProject
Project("{FAE04EC0-301F-11D3-BF4B-00C04F79EFBC}") = "Unity.2D.Animation.Runtime", "Unity.2D.Animation.Runtime.Player.csproj", "{305163ca-c5b6-46c4-eb3b-86b3f8c1559f}"
EndProject
Project("{FAE04EC0-301F-11D3-BF4B-00C04F79EFBC}") = "Assembly-CSharp", "Assembly-CSharp.Player.csproj", "{5ba05d85-1507-706d-0c43-253bed27ac66}"
EndProject
Project("{FAE04EC0-301F-11D3-BF4B-00C04F79EFBC}") = "Unity.2D.IK.Runtime", "Unity.2D.IK.Runtime.Player.csproj", "{1053106b-3fce-cdbe-5c57-6b4af86bf337}"
EndProject
Project("{FAE04EC0-301F-11D3-BF4B-00C04F79EFBC}") = "Unity.2D.SpriteShape.Runtime", "Unity.2D.SpriteShape.Runtime.Player.csproj", "{7fb8080d-2d29-b901-9bf5-7757c867ce3a}"
EndProject
Project("{FAE04EC0-301F-11D3-BF4B-00C04F79EFBC}") = "Unity.2D.PixelPerfect", "Unity.2D.PixelPerfect.Player.csproj", "{1e18f60f-7a7a-0f00-bbf8-db4d8382f1a4}"
EndProject
Project("{FAE04EC0-301F-11D3-BF4B-00C04F79EFBC}") = "Unity.2D.Common.Runtime", "Unity.2D.Common.Runtime.Player.csproj", "{b0fb870a-a674-553c-0baa-0b3f90e03f0e}"
EndProject
Project("{FAE04EC0-301F-11D3-BF4B-00C04F79EFBC}") = "Unity.InternalAPIEngineBridge.001", "Unity.InternalAPIEngineBridge.001.Player.csproj", "{1e523c69-4a6b-2d8e-30f6-e2dc2d4044a9}"
EndProject
Global
	GlobalSection(SolutionConfigurationPlatforms) = preSolution
		Debug|Any CPU = Debug|Any CPU
		Release|Any CPU = Release|Any CPU
	EndGlobalSection
	GlobalSection(ProjectConfigurationPlatforms) = postSolution
		{442663a1-394c-18ee-781b-499699fa6cc4}.Debug|Any CPU.ActiveCfg = Debug|Any CPU
		{442663a1-394c-18ee-781b-499699fa6cc4}.Debug|Any CPU.Build.0 = Debug|Any CPU
		{442663a1-394c-18ee-781b-499699fa6cc4}.Release|Any CPU.ActiveCfg = Release|Any CPU
		{442663a1-394c-18ee-781b-499699fa6cc4}.Release|Any CPU.Build.0 = Release|Any CPU
		{a2e0629f-2015-0ae7-ec3d-e692d710da3e}.Debug|Any CPU.ActiveCfg = Debug|Any CPU
		{a2e0629f-2015-0ae7-ec3d-e692d710da3e}.Debug|Any CPU.Build.0 = Debug|Any CPU
		{a2e0629f-2015-0ae7-ec3d-e692d710da3e}.Release|Any CPU.ActiveCfg = Release|Any CPU
		{a2e0629f-2015-0ae7-ec3d-e692d710da3e}.Release|Any CPU.Build.0 = Release|Any CPU
		{9fee7f61-6db4-3aa5-58ba-8624498d7750}.Debug|Any CPU.ActiveCfg = Debug|Any CPU
		{9fee7f61-6db4-3aa5-58ba-8624498d7750}.Debug|Any CPU.Build.0 = Debug|Any CPU
		{9fee7f61-6db4-3aa5-58ba-8624498d7750}.Release|Any CPU.ActiveCfg = Release|Any CPU
		{9fee7f61-6db4-3aa5-58ba-8624498d7750}.Release|Any CPU.Build.0 = Release|Any CPU
		{7492bc06-c247-5545-0773-8c3c03c420e8}.Debug|Any CPU.ActiveCfg = Debug|Any CPU
		{7492bc06-c247-5545-0773-8c3c03c420e8}.Debug|Any CPU.Build.0 = Debug|Any CPU
		{7492bc06-c247-5545-0773-8c3c03c420e8}.Release|Any CPU.ActiveCfg = Release|Any CPU
		{7492bc06-c247-5545-0773-8c3c03c420e8}.Release|Any CPU.Build.0 = Release|Any CPU
		{42feebd3-951f-7c17-d376-1063e06b7d4a}.Debug|Any CPU.ActiveCfg = Debug|Any CPU
		{42feebd3-951f-7c17-d376-1063e06b7d4a}.Debug|Any CPU.Build.0 = Debug|Any CPU
		{42feebd3-951f-7c17-d376-1063e06b7d4a}.Release|Any CPU.ActiveCfg = Release|Any CPU
		{42feebd3-951f-7c17-d376-1063e06b7d4a}.Release|Any CPU.Build.0 = Release|Any CPU
		{82942dd7-1046-4cb8-f5e6-fd2a4b45ecdf}.Debug|Any CPU.ActiveCfg = Debug|Any CPU
		{82942dd7-1046-4cb8-f5e6-fd2a4b45ecdf}.Debug|Any CPU.Build.0 = Debug|Any CPU
		{82942dd7-1046-4cb8-f5e6-fd2a4b45ecdf}.Release|Any CPU.ActiveCfg = Release|Any CPU
		{82942dd7-1046-4cb8-f5e6-fd2a4b45ecdf}.Release|Any CPU.Build.0 = Release|Any CPU
		{c96ed1a9-6550-4b2a-f8da-95637cee6846}.Debug|Any CPU.ActiveCfg = Debug|Any CPU
		{c96ed1a9-6550-4b2a-f8da-95637cee6846}.Debug|Any CPU.Build.0 = Debug|Any CPU
		{c96ed1a9-6550-4b2a-f8da-95637cee6846}.Release|Any CPU.ActiveCfg = Release|Any CPU
		{c96ed1a9-6550-4b2a-f8da-95637cee6846}.Release|Any CPU.Build.0 = Release|Any CPU
		{fa62bfc1-c9c5-a241-2cdf-b0dcbc002d60}.Debug|Any CPU.ActiveCfg = Debug|Any CPU
		{fa62bfc1-c9c5-a241-2cdf-b0dcbc002d60}.Debug|Any CPU.Build.0 = Debug|Any CPU
		{fa62bfc1-c9c5-a241-2cdf-b0dcbc002d60}.Release|Any CPU.ActiveCfg = Release|Any CPU
		{fa62bfc1-c9c5-a241-2cdf-b0dcbc002d60}.Release|Any CPU.Build.0 = Release|Any CPU
		{47c9cf4b-12cb-b638-8a6a-6811c9853c51}.Debug|Any CPU.ActiveCfg = Debug|Any CPU
		{47c9cf4b-12cb-b638-8a6a-6811c9853c51}.Debug|Any CPU.Build.0 = Debug|Any CPU
		{47c9cf4b-12cb-b638-8a6a-6811c9853c51}.Release|Any CPU.ActiveCfg = Release|Any CPU
		{47c9cf4b-12cb-b638-8a6a-6811c9853c51}.Release|Any CPU.Build.0 = Release|Any CPU
		{44161854-aeb2-7049-44e9-4f1f8854361a}.Debug|Any CPU.ActiveCfg = Debug|Any CPU
		{44161854-aeb2-7049-44e9-4f1f8854361a}.Debug|Any CPU.Build.0 = Debug|Any CPU
		{44161854-aeb2-7049-44e9-4f1f8854361a}.Release|Any CPU.ActiveCfg = Release|Any CPU
		{44161854-aeb2-7049-44e9-4f1f8854361a}.Release|Any CPU.Build.0 = Release|Any CPU
		{dac650ad-ab00-1dae-f5cf-d884c2dc86ee}.Debug|Any CPU.ActiveCfg = Debug|Any CPU
		{dac650ad-ab00-1dae-f5cf-d884c2dc86ee}.Debug|Any CPU.Build.0 = Debug|Any CPU
		{dac650ad-ab00-1dae-f5cf-d884c2dc86ee}.Release|Any CPU.ActiveCfg = Release|Any CPU
		{dac650ad-ab00-1dae-f5cf-d884c2dc86ee}.Release|Any CPU.Build.0 = Release|Any CPU
		{817e4d0b-f42b-77ac-d85a-ae9711924603}.Debug|Any CPU.ActiveCfg = Debug|Any CPU
		{817e4d0b-f42b-77ac-d85a-ae9711924603}.Debug|Any CPU.Build.0 = Debug|Any CPU
		{817e4d0b-f42b-77ac-d85a-ae9711924603}.Release|Any CPU.ActiveCfg = Release|Any CPU
		{817e4d0b-f42b-77ac-d85a-ae9711924603}.Release|Any CPU.Build.0 = Release|Any CPU
		{45e7a0d9-dcc9-6836-9b82-e0752b0c4b11}.Debug|Any CPU.ActiveCfg = Debug|Any CPU
		{45e7a0d9-dcc9-6836-9b82-e0752b0c4b11}.Debug|Any CPU.Build.0 = Debug|Any CPU
		{45e7a0d9-dcc9-6836-9b82-e0752b0c4b11}.Release|Any CPU.ActiveCfg = Release|Any CPU
		{45e7a0d9-dcc9-6836-9b82-e0752b0c4b11}.Release|Any CPU.Build.0 = Release|Any CPU
		{16d9f7b5-fdd1-890f-45d6-21b7e452b5c0}.Debug|Any CPU.ActiveCfg = Debug|Any CPU
		{16d9f7b5-fdd1-890f-45d6-21b7e452b5c0}.Debug|Any CPU.Build.0 = Debug|Any CPU
		{16d9f7b5-fdd1-890f-45d6-21b7e452b5c0}.Release|Any CPU.ActiveCfg = Release|Any CPU
		{16d9f7b5-fdd1-890f-45d6-21b7e452b5c0}.Release|Any CPU.Build.0 = Release|Any CPU
		{6f0df1a4-f4fc-6261-5655-a4696ff1bed0}.Debug|Any CPU.ActiveCfg = Debug|Any CPU
		{6f0df1a4-f4fc-6261-5655-a4696ff1bed0}.Debug|Any CPU.Build.0 = Debug|Any CPU
		{6f0df1a4-f4fc-6261-5655-a4696ff1bed0}.Release|Any CPU.ActiveCfg = Release|Any CPU
		{6f0df1a4-f4fc-6261-5655-a4696ff1bed0}.Release|Any CPU.Build.0 = Release|Any CPU
		{583463f1-e9f9-e5d1-17b9-b980c84be408}.Debug|Any CPU.ActiveCfg = Debug|Any CPU
		{583463f1-e9f9-e5d1-17b9-b980c84be408}.Debug|Any CPU.Build.0 = Debug|Any CPU
		{583463f1-e9f9-e5d1-17b9-b980c84be408}.Release|Any CPU.ActiveCfg = Release|Any CPU
		{583463f1-e9f9-e5d1-17b9-b980c84be408}.Release|Any CPU.Build.0 = Release|Any CPU
		{3c7ad156-90b8-012a-fee0-067d621a0134}.Debug|Any CPU.ActiveCfg = Debug|Any CPU
		{3c7ad156-90b8-012a-fee0-067d621a0134}.Debug|Any CPU.Build.0 = Debug|Any CPU
		{3c7ad156-90b8-012a-fee0-067d621a0134}.Release|Any CPU.ActiveCfg = Release|Any CPU
		{3c7ad156-90b8-012a-fee0-067d621a0134}.Release|Any CPU.Build.0 = Release|Any CPU
		{55fdfcdc-926c-f2aa-fea6-2d5d65be9d6a}.Debug|Any CPU.ActiveCfg = Debug|Any CPU
		{55fdfcdc-926c-f2aa-fea6-2d5d65be9d6a}.Debug|Any CPU.Build.0 = Debug|Any CPU
		{55fdfcdc-926c-f2aa-fea6-2d5d65be9d6a}.Release|Any CPU.ActiveCfg = Release|Any CPU
		{55fdfcdc-926c-f2aa-fea6-2d5d65be9d6a}.Release|Any CPU.Build.0 = Release|Any CPU
		{9fcc7597-90ee-38ff-27c1-917b16824e1e}.Debug|Any CPU.ActiveCfg = Debug|Any CPU
		{9fcc7597-90ee-38ff-27c1-917b16824e1e}.Debug|Any CPU.Build.0 = Debug|Any CPU
		{9fcc7597-90ee-38ff-27c1-917b16824e1e}.Release|Any CPU.ActiveCfg = Release|Any CPU
		{9fcc7597-90ee-38ff-27c1-917b16824e1e}.Release|Any CPU.Build.0 = Release|Any CPU
		{84e56a88-1123-c4d0-3503-bcaa30d94e4c}.Debug|Any CPU.ActiveCfg = Debug|Any CPU
		{84e56a88-1123-c4d0-3503-bcaa30d94e4c}.Debug|Any CPU.Build.0 = Debug|Any CPU
		{84e56a88-1123-c4d0-3503-bcaa30d94e4c}.Release|Any CPU.ActiveCfg = Release|Any CPU
		{84e56a88-1123-c4d0-3503-bcaa30d94e4c}.Release|Any CPU.Build.0 = Release|Any CPU
		{aa2fde17-90f5-3395-27a3-164ddb6b1c7a}.Debug|Any CPU.ActiveCfg = Debug|Any CPU
		{aa2fde17-90f5-3395-27a3-164ddb6b1c7a}.Debug|Any CPU.Build.0 = Debug|Any CPU
		{aa2fde17-90f5-3395-27a3-164ddb6b1c7a}.Release|Any CPU.ActiveCfg = Release|Any CPU
		{aa2fde17-90f5-3395-27a3-164ddb6b1c7a}.Release|Any CPU.Build.0 = Release|Any CPU
		{41e7ca69-7b48-d01e-9be3-ab7b91da374f}.Debug|Any CPU.ActiveCfg = Debug|Any CPU
		{41e7ca69-7b48-d01e-9be3-ab7b91da374f}.Debug|Any CPU.Build.0 = Debug|Any CPU
		{41e7ca69-7b48-d01e-9be3-ab7b91da374f}.Release|Any CPU.ActiveCfg = Release|Any CPU
		{41e7ca69-7b48-d01e-9be3-ab7b91da374f}.Release|Any CPU.Build.0 = Release|Any CPU
		{1e9c0957-1bb4-d28b-e599-b1334daeee8f}.Debug|Any CPU.ActiveCfg = Debug|Any CPU
		{1e9c0957-1bb4-d28b-e599-b1334daeee8f}.Debug|Any CPU.Build.0 = Debug|Any CPU
		{1e9c0957-1bb4-d28b-e599-b1334daeee8f}.Release|Any CPU.ActiveCfg = Release|Any CPU
		{1e9c0957-1bb4-d28b-e599-b1334daeee8f}.Release|Any CPU.Build.0 = Release|Any CPU
		{e6642291-93da-a807-ebea-6f33a18b1ac0}.Debug|Any CPU.ActiveCfg = Debug|Any CPU
		{e6642291-93da-a807-ebea-6f33a18b1ac0}.Debug|Any CPU.Build.0 = Debug|Any CPU
		{e6642291-93da-a807-ebea-6f33a18b1ac0}.Release|Any CPU.ActiveCfg = Release|Any CPU
		{e6642291-93da-a807-ebea-6f33a18b1ac0}.Release|Any CPU.Build.0 = Release|Any CPU
		{85420af1-0b5a-4b18-1d7a-f884984dc548}.Debug|Any CPU.ActiveCfg = Debug|Any CPU
		{85420af1-0b5a-4b18-1d7a-f884984dc548}.Debug|Any CPU.Build.0 = Debug|Any CPU
		{85420af1-0b5a-4b18-1d7a-f884984dc548}.Release|Any CPU.ActiveCfg = Release|Any CPU
		{85420af1-0b5a-4b18-1d7a-f884984dc548}.Release|Any CPU.Build.0 = Release|Any CPU
		{a183df9a-6efb-c323-ef9e-d12361857662}.Debug|Any CPU.ActiveCfg = Debug|Any CPU
		{a183df9a-6efb-c323-ef9e-d12361857662}.Debug|Any CPU.Build.0 = Debug|Any CPU
		{a183df9a-6efb-c323-ef9e-d12361857662}.Release|Any CPU.ActiveCfg = Release|Any CPU
		{a183df9a-6efb-c323-ef9e-d12361857662}.Release|Any CPU.Build.0 = Release|Any CPU
		{d8151351-974e-229f-724a-c40f6d14916b}.Debug|Any CPU.ActiveCfg = Debug|Any CPU
		{d8151351-974e-229f-724a-c40f6d14916b}.Debug|Any CPU.Build.0 = Debug|Any CPU
		{d8151351-974e-229f-724a-c40f6d14916b}.Release|Any CPU.ActiveCfg = Release|Any CPU
		{d8151351-974e-229f-724a-c40f6d14916b}.Release|Any CPU.Build.0 = Release|Any CPU
		{79de7ba7-58dd-968f-9a54-266823fadd80}.Debug|Any CPU.ActiveCfg = Debug|Any CPU
		{79de7ba7-58dd-968f-9a54-266823fadd80}.Debug|Any CPU.Build.0 = Debug|Any CPU
		{79de7ba7-58dd-968f-9a54-266823fadd80}.Release|Any CPU.ActiveCfg = Release|Any CPU
		{79de7ba7-58dd-968f-9a54-266823fadd80}.Release|Any CPU.Build.0 = Release|Any CPU
		{bcef8130-47ea-1789-eab7-82ea5742025b}.Debug|Any CPU.ActiveCfg = Debug|Any CPU
		{bcef8130-47ea-1789-eab7-82ea5742025b}.Debug|Any CPU.Build.0 = Debug|Any CPU
		{bcef8130-47ea-1789-eab7-82ea5742025b}.Release|Any CPU.ActiveCfg = Release|Any CPU
		{bcef8130-47ea-1789-eab7-82ea5742025b}.Release|Any CPU.Build.0 = Release|Any CPU
		{38d1b731-8300-c6b4-3a6c-12da4a691749}.Debug|Any CPU.ActiveCfg = Debug|Any CPU
		{38d1b731-8300-c6b4-3a6c-12da4a691749}.Debug|Any CPU.Build.0 = Debug|Any CPU
		{38d1b731-8300-c6b4-3a6c-12da4a691749}.Release|Any CPU.ActiveCfg = Release|Any CPU
		{38d1b731-8300-c6b4-3a6c-12da4a691749}.Release|Any CPU.Build.0 = Release|Any CPU
		{ec90986d-3745-153a-d5f2-dc98808e631a}.Debug|Any CPU.ActiveCfg = Debug|Any CPU
		{ec90986d-3745-153a-d5f2-dc98808e631a}.Debug|Any CPU.Build.0 = Debug|Any CPU
		{ec90986d-3745-153a-d5f2-dc98808e631a}.Release|Any CPU.ActiveCfg = Release|Any CPU
		{ec90986d-3745-153a-d5f2-dc98808e631a}.Release|Any CPU.Build.0 = Release|Any CPU
		{b251cb1d-8276-e66e-aee9-b0e2266decc4}.Debug|Any CPU.ActiveCfg = Debug|Any CPU
		{b251cb1d-8276-e66e-aee9-b0e2266decc4}.Debug|Any CPU.Build.0 = Debug|Any CPU
		{b251cb1d-8276-e66e-aee9-b0e2266decc4}.Release|Any CPU.ActiveCfg = Release|Any CPU
		{b251cb1d-8276-e66e-aee9-b0e2266decc4}.Release|Any CPU.Build.0 = Release|Any CPU
		{ef01ef32-3eb1-01b2-f5fc-ac2403a5102c}.Debug|Any CPU.ActiveCfg = Debug|Any CPU
		{ef01ef32-3eb1-01b2-f5fc-ac2403a5102c}.Debug|Any CPU.Build.0 = Debug|Any CPU
		{ef01ef32-3eb1-01b2-f5fc-ac2403a5102c}.Release|Any CPU.ActiveCfg = Release|Any CPU
		{ef01ef32-3eb1-01b2-f5fc-ac2403a5102c}.Release|Any CPU.Build.0 = Release|Any CPU
		{79ffc55b-b6e0-6dfb-b6e3-98ca1fdfa194}.Debug|Any CPU.ActiveCfg = Debug|Any CPU
		{79ffc55b-b6e0-6dfb-b6e3-98ca1fdfa194}.Debug|Any CPU.Build.0 = Debug|Any CPU
		{79ffc55b-b6e0-6dfb-b6e3-98ca1fdfa194}.Release|Any CPU.ActiveCfg = Release|Any CPU
		{79ffc55b-b6e0-6dfb-b6e3-98ca1fdfa194}.Release|Any CPU.Build.0 = Release|Any CPU
		{6d0faf9e-86d8-237b-c9a6-938b394a8082}.Debug|Any CPU.ActiveCfg = Debug|Any CPU
		{6d0faf9e-86d8-237b-c9a6-938b394a8082}.Debug|Any CPU.Build.0 = Debug|Any CPU
		{6d0faf9e-86d8-237b-c9a6-938b394a8082}.Release|Any CPU.ActiveCfg = Release|Any CPU
		{6d0faf9e-86d8-237b-c9a6-938b394a8082}.Release|Any CPU.Build.0 = Release|Any CPU
		{08e1cf59-f2ae-dd3f-20d7-c92d5cdf891b}.Debug|Any CPU.ActiveCfg = Debug|Any CPU
		{08e1cf59-f2ae-dd3f-20d7-c92d5cdf891b}.Debug|Any CPU.Build.0 = Debug|Any CPU
		{08e1cf59-f2ae-dd3f-20d7-c92d5cdf891b}.Release|Any CPU.ActiveCfg = Release|Any CPU
		{08e1cf59-f2ae-dd3f-20d7-c92d5cdf891b}.Release|Any CPU.Build.0 = Release|Any CPU
		{44a6c809-c34c-99b6-f811-e012ed4c9fb7}.Debug|Any CPU.ActiveCfg = Debug|Any CPU
		{44a6c809-c34c-99b6-f811-e012ed4c9fb7}.Debug|Any CPU.Build.0 = Debug|Any CPU
		{44a6c809-c34c-99b6-f811-e012ed4c9fb7}.Release|Any CPU.ActiveCfg = Release|Any CPU
		{44a6c809-c34c-99b6-f811-e012ed4c9fb7}.Release|Any CPU.Build.0 = Release|Any CPU
		{3c1dcc13-57ac-a32f-dd86-8865efa9bcbc}.Debug|Any CPU.ActiveCfg = Debug|Any CPU
		{3c1dcc13-57ac-a32f-dd86-8865efa9bcbc}.Debug|Any CPU.Build.0 = Debug|Any CPU
		{3c1dcc13-57ac-a32f-dd86-8865efa9bcbc}.Release|Any CPU.ActiveCfg = Release|Any CPU
		{3c1dcc13-57ac-a32f-dd86-8865efa9bcbc}.Release|Any CPU.Build.0 = Release|Any CPU
		{524e7b3c-bb14-c922-975f-3bdc2fba72d1}.Debug|Any CPU.ActiveCfg = Debug|Any CPU
		{524e7b3c-bb14-c922-975f-3bdc2fba72d1}.Debug|Any CPU.Build.0 = Debug|Any CPU
		{524e7b3c-bb14-c922-975f-3bdc2fba72d1}.Release|Any CPU.ActiveCfg = Release|Any CPU
		{524e7b3c-bb14-c922-975f-3bdc2fba72d1}.Release|Any CPU.Build.0 = Release|Any CPU
		{6ac023c6-9e53-61a3-fd4a-f5924c37bc2f}.Debug|Any CPU.ActiveCfg = Debug|Any CPU
		{6ac023c6-9e53-61a3-fd4a-f5924c37bc2f}.Debug|Any CPU.Build.0 = Debug|Any CPU
		{6ac023c6-9e53-61a3-fd4a-f5924c37bc2f}.Release|Any CPU.ActiveCfg = Release|Any CPU
		{6ac023c6-9e53-61a3-fd4a-f5924c37bc2f}.Release|Any CPU.Build.0 = Release|Any CPU
		{a55b0a9a-c5ca-6a19-d103-58a11b5efb9c}.Debug|Any CPU.ActiveCfg = Debug|Any CPU
		{a55b0a9a-c5ca-6a19-d103-58a11b5efb9c}.Debug|Any CPU.Build.0 = Debug|Any CPU
		{a55b0a9a-c5ca-6a19-d103-58a11b5efb9c}.Release|Any CPU.ActiveCfg = Release|Any CPU
		{a55b0a9a-c5ca-6a19-d103-58a11b5efb9c}.Release|Any CPU.Build.0 = Release|Any CPU
		{305163ca-c5b6-46c4-eb3b-86b3f8c1559f}.Debug|Any CPU.ActiveCfg = Debug|Any CPU
		{305163ca-c5b6-46c4-eb3b-86b3f8c1559f}.Debug|Any CPU.Build.0 = Debug|Any CPU
		{305163ca-c5b6-46c4-eb3b-86b3f8c1559f}.Release|Any CPU.ActiveCfg = Release|Any CPU
		{305163ca-c5b6-46c4-eb3b-86b3f8c1559f}.Release|Any CPU.Build.0 = Release|Any CPU
		{5ba05d85-1507-706d-0c43-253bed27ac66}.Debug|Any CPU.ActiveCfg = Debug|Any CPU
		{5ba05d85-1507-706d-0c43-253bed27ac66}.Debug|Any CPU.Build.0 = Debug|Any CPU
		{5ba05d85-1507-706d-0c43-253bed27ac66}.Release|Any CPU.ActiveCfg = Release|Any CPU
		{5ba05d85-1507-706d-0c43-253bed27ac66}.Release|Any CPU.Build.0 = Release|Any CPU
		{1053106b-3fce-cdbe-5c57-6b4af86bf337}.Debug|Any CPU.ActiveCfg = Debug|Any CPU
		{1053106b-3fce-cdbe-5c57-6b4af86bf337}.Debug|Any CPU.Build.0 = Debug|Any CPU
		{1053106b-3fce-cdbe-5c57-6b4af86bf337}.Release|Any CPU.ActiveCfg = Release|Any CPU
		{1053106b-3fce-cdbe-5c57-6b4af86bf337}.Release|Any CPU.Build.0 = Release|Any CPU
		{7fb8080d-2d29-b901-9bf5-7757c867ce3a}.Debug|Any CPU.ActiveCfg = Debug|Any CPU
		{7fb8080d-2d29-b901-9bf5-7757c867ce3a}.Debug|Any CPU.Build.0 = Debug|Any CPU
		{7fb8080d-2d29-b901-9bf5-7757c867ce3a}.Release|Any CPU.ActiveCfg = Release|Any CPU
		{7fb8080d-2d29-b901-9bf5-7757c867ce3a}.Release|Any CPU.Build.0 = Release|Any CPU
		{1e18f60f-7a7a-0f00-bbf8-db4d8382f1a4}.Debug|Any CPU.ActiveCfg = Debug|Any CPU
		{1e18f60f-7a7a-0f00-bbf8-db4d8382f1a4}.Debug|Any CPU.Build.0 = Debug|Any CPU
		{1e18f60f-7a7a-0f00-bbf8-db4d8382f1a4}.Release|Any CPU.ActiveCfg = Release|Any CPU
		{1e18f60f-7a7a-0f00-bbf8-db4d8382f1a4}.Release|Any CPU.Build.0 = Release|Any CPU
		{b0fb870a-a674-553c-0baa-0b3f90e03f0e}.Debug|Any CPU.ActiveCfg = Debug|Any CPU
		{b0fb870a-a674-553c-0baa-0b3f90e03f0e}.Debug|Any CPU.Build.0 = Debug|Any CPU
		{b0fb870a-a674-553c-0baa-0b3f90e03f0e}.Release|Any CPU.ActiveCfg = Release|Any CPU
		{b0fb870a-a674-553c-0baa-0b3f90e03f0e}.Release|Any CPU.Build.0 = Release|Any CPU
		{1e523c69-4a6b-2d8e-30f6-e2dc2d4044a9}.Debug|Any CPU.ActiveCfg = Debug|Any CPU
		{1e523c69-4a6b-2d8e-30f6-e2dc2d4044a9}.Debug|Any CPU.Build.0 = Debug|Any CPU
		{1e523c69-4a6b-2d8e-30f6-e2dc2d4044a9}.Release|Any CPU.ActiveCfg = Release|Any CPU
		{1e523c69-4a6b-2d8e-30f6-e2dc2d4044a9}.Release|Any CPU.Build.0 = Release|Any CPU
	EndGlobalSection
	GlobalSection(SolutionProperties) = preSolution
		HideSolutionNode = FALSE
	EndGlobalSection
EndGlobal
