
Microsoft Visual Studio Solution File, Format Version 12.00
# Visual Studio 15
Project("{FAE04EC0-301F-11D3-BF4B-00C04F79EFBC}") = "UnityEngine.TestRunner", "UnityEngine.TestRunner.csproj", "{31AB889C-E615-BE7A-10AB-35C31F70C268}"
EndProject
Project("{FAE04EC0-301F-11D3-BF4B-00C04F79EFBC}") = "UnityEngine.UI", "UnityEngine.UI.csproj", "{FE51EC92-F1FF-24D1-5B26-7368AA8BA571}"
EndProject
Project("{FAE04EC0-301F-11D3-BF4B-00C04F79EFBC}") = "Unity.VisualScripting.State", "Unity.VisualScripting.State.csproj", "{9B66B57C-8094-A287-E722-A4C6D6DA39C0}"
EndProject
Project("{FAE04EC0-301F-11D3-BF4B-00C04F79EFBC}") = "Unity.VisualScripting.Core", "Unity.VisualScripting.Core.csproj", "{87BC4FD5-9CEA-F855-6408-F60D43960C8C}"
EndProject
Project("{FAE04EC0-301F-11D3-BF4B-00C04F79EFBC}") = "Unity.VisualScripting.Flow", "Unity.VisualScripting.Flow.csproj", "{2D13CD91-F1D5-5223-821A-7E6B4C137023}"
EndProject
Project("{FAE04EC0-301F-11D3-BF4B-00C04F79EFBC}") = "Unity.TextMeshPro", "Unity.TextMeshPro.csproj", "{FAC93627-115D-DF7E-271F-6C21088C2EDF}"
EndProject
Project("{FAE04EC0-301F-11D3-BF4B-00C04F79EFBC}") = "Unity.Timeline", "Unity.Timeline.csproj", "{24CC9C5F-BC60-8FAA-D558-7DC1B92A53AF}"
EndProject
Project("{FAE04EC0-301F-11D3-BF4B-00C04F79EFBC}") = "Assembly-CSharp", "Assembly-CSharp.csproj", "{5237C63C-FFD4-0ACA-5473-61D9F73D9A5B}"
EndProject
Project("{FAE04EC0-301F-11D3-BF4B-00C04F79EFBC}") = "Unity.PlasticSCM.Editor", "Unity.PlasticSCM.Editor.csproj", "{D3F44CB4-F5A6-B2CA-4CAB-CD50A5F597D2}"
EndProject
Project("{FAE04EC0-301F-11D3-BF4B-00C04F79EFBC}") = "Unity.VisualScripting.Core.Editor", "Unity.VisualScripting.Core.Editor.csproj", "{20146845-EF6A-FC55-DA2F-BCB5B77BEB0F}"
EndProject
Project("{FAE04EC0-301F-11D3-BF4B-00C04F79EFBC}") = "Unity.VisualStudio.Editor", "Unity.VisualStudio.Editor.csproj", "{3318AE72-236C-7F25-4198-EA57396E7559}"
EndProject
Project("{FAE04EC0-301F-11D3-BF4B-00C04F79EFBC}") = "Unity.Timeline.Editor", "Unity.Timeline.Editor.csproj", "{5F51A84B-2FBD-19D6-65AF-31D4079740B6}"
EndProject
Project("{FAE04EC0-301F-11D3-BF4B-00C04F79EFBC}") = "Unity.VisualScripting.State.Editor", "Unity.VisualScripting.State.Editor.csproj", "{299B22BE-7AB2-4BFE-3871-B9E40655D5A8}"
EndProject
Project("{FAE04EC0-301F-11D3-BF4B-00C04F79EFBC}") = "Unity.TextMeshPro.Editor", "Unity.TextMeshPro.Editor.csproj", "{0917092B-EF0B-176C-6C1E-55BA26AEF40C}"
EndProject
Project("{FAE04EC0-301F-11D3-BF4B-00C04F79EFBC}") = "VSSettingsProvider", "VSSettingsProvider.csproj", "{C4A2708B-9EFB-FD2E-E2EB-34D4A32108C8}"
EndProject
Project("{FAE04EC0-301F-11D3-BF4B-00C04F79EFBC}") = "Unity.CollabProxy.Editor", "Unity.CollabProxy.Editor.csproj", "{E3E9D8D3-D613-7A44-1B4C-1DC09418D50D}"
EndProject
Project("{FAE04EC0-301F-11D3-BF4B-00C04F79EFBC}") = "UnityEditor.TestRunner", "UnityEditor.TestRunner.csproj", "{1F278838-EAD6-AE1B-E87C-978070ED02B3}"
EndProject
Project("{FAE04EC0-301F-11D3-BF4B-00C04F79EFBC}") = "Unity.VisualScripting.Flow.Editor", "Unity.VisualScripting.Flow.Editor.csproj", "{AC6AFB63-D72C-A4C4-97F2-95EFAD93DBF2}"
EndProject
Project("{FAE04EC0-301F-11D3-BF4B-00C04F79EFBC}") = "Unity.Rider.Editor", "Unity.Rider.Editor.csproj", "{373B1D0C-D21E-858C-2485-4116A0EAB290}"
EndProject
Project("{FAE04EC0-301F-11D3-BF4B-00C04F79EFBC}") = "Unity.VSCode.Editor", "Unity.VSCode.Editor.csproj", "{0D280AC9-E0C4-BC8B-0126-DADD60C03D7A}"
EndProject
Project("{FAE04EC0-301F-11D3-BF4B-00C04F79EFBC}") = "UnityEditor.UI", "UnityEditor.UI.csproj", "{073A4CE0-BF69-5403-C664-5D2F55E34F89}"
EndProject
Project("{FAE04EC0-301F-11D3-BF4B-00C04F79EFBC}") = "UnityEngine.TestRunner", "UnityEngine.TestRunner.Player.csproj", "{C0E267BF-DAF6-33B3-9417-778E004484DE}"
EndProject
Project("{FAE04EC0-301F-11D3-BF4B-00C04F79EFBC}") = "UnityEngine.UI", "UnityEngine.UI.Player.csproj", "{C75DAE27-CE1A-5E50-7709-27F75804F80A}"
EndProject
Project("{FAE04EC0-301F-11D3-BF4B-00C04F79EFBC}") = "Unity.VisualScripting.State", "Unity.VisualScripting.State.Player.csproj", "{45AC18A1-EA40-FA22-4C62-D7921AFB8DCF}"
EndProject
Project("{FAE04EC0-301F-11D3-BF4B-00C04F79EFBC}") = "Unity.VisualScripting.Core", "Unity.VisualScripting.Core.Player.csproj", "{7BDBC597-BDF4-7BA2-3871-CF035C0A8B83}"
EndProject
Project("{FAE04EC0-301F-11D3-BF4B-00C04F79EFBC}") = "Unity.VisualScripting.Flow", "Unity.VisualScripting.Flow.Player.csproj", "{698E7A44-131B-B149-5319-6BD8DC8E4E4E}"
EndProject
Project("{FAE04EC0-301F-11D3-BF4B-00C04F79EFBC}") = "Unity.TextMeshPro", "Unity.TextMeshPro.Player.csproj", "{B49DA107-70D4-604F-BB3B-9233F54A9602}"
EndProject
Project("{FAE04EC0-301F-11D3-BF4B-00C04F79EFBC}") = "Unity.Timeline", "Unity.Timeline.Player.csproj", "{A0533ABB-3F32-A8C9-7EE6-6A7095FBCC8E}"
EndProject
Project("{FAE04EC0-301F-11D3-BF4B-00C04F79EFBC}") = "Assembly-CSharp", "Assembly-CSharp.Player.csproj", "{EFD37CB1-2176-B167-F995-09523356CA7A}"
EndProject
Global
	GlobalSection(SolutionConfigurationPlatforms) = preSolution
		Debug|Any CPU = Debug|Any CPU
		Release|Any CPU = Release|Any CPU
	EndGlobalSection
	GlobalSection(ProjectConfigurationPlatforms) = postSolution
		{31AB889C-E615-BE7A-10AB-35C31F70C268}.Debug|Any CPU.ActiveCfg = Debug|Any CPU
		{31AB889C-E615-BE7A-10AB-35C31F70C268}.Debug|Any CPU.Build.0 = Debug|Any CPU
		{31AB889C-E615-BE7A-10AB-35C31F70C268}.Release|Any CPU.ActiveCfg = Release|Any CPU
		{31AB889C-E615-BE7A-10AB-35C31F70C268}.Release|Any CPU.Build.0 = Release|Any CPU
		{FE51EC92-F1FF-24D1-5B26-7368AA8BA571}.Debug|Any CPU.ActiveCfg = Debug|Any CPU
		{FE51EC92-F1FF-24D1-5B26-7368AA8BA571}.Debug|Any CPU.Build.0 = Debug|Any CPU
		{FE51EC92-F1FF-24D1-5B26-7368AA8BA571}.Release|Any CPU.ActiveCfg = Release|Any CPU
		{FE51EC92-F1FF-24D1-5B26-7368AA8BA571}.Release|Any CPU.Build.0 = Release|Any CPU
		{9B66B57C-8094-A287-E722-A4C6D6DA39C0}.Debug|Any CPU.ActiveCfg = Debug|Any CPU
		{9B66B57C-8094-A287-E722-A4C6D6DA39C0}.Debug|Any CPU.Build.0 = Debug|Any CPU
		{9B66B57C-8094-A287-E722-A4C6D6DA39C0}.Release|Any CPU.ActiveCfg = Release|Any CPU
		{9B66B57C-8094-A287-E722-A4C6D6DA39C0}.Release|Any CPU.Build.0 = Release|Any CPU
		{87BC4FD5-9CEA-F855-6408-F60D43960C8C}.Debug|Any CPU.ActiveCfg = Debug|Any CPU
		{87BC4FD5-9CEA-F855-6408-F60D43960C8C}.Debug|Any CPU.Build.0 = Debug|Any CPU
		{87BC4FD5-9CEA-F855-6408-F60D43960C8C}.Release|Any CPU.ActiveCfg = Release|Any CPU
		{87BC4FD5-9CEA-F855-6408-F60D43960C8C}.Release|Any CPU.Build.0 = Release|Any CPU
		{2D13CD91-F1D5-5223-821A-7E6B4C137023}.Debug|Any CPU.ActiveCfg = Debug|Any CPU
		{2D13CD91-F1D5-5223-821A-7E6B4C137023}.Debug|Any CPU.Build.0 = Debug|Any CPU
		{2D13CD91-F1D5-5223-821A-7E6B4C137023}.Release|Any CPU.ActiveCfg = Release|Any CPU
		{2D13CD91-F1D5-5223-821A-7E6B4C137023}.Release|Any CPU.Build.0 = Release|Any CPU
		{FAC93627-115D-DF7E-271F-6C21088C2EDF}.Debug|Any CPU.ActiveCfg = Debug|Any CPU
		{FAC93627-115D-DF7E-271F-6C21088C2EDF}.Debug|Any CPU.Build.0 = Debug|Any CPU
		{FAC93627-115D-DF7E-271F-6C21088C2EDF}.Release|Any CPU.ActiveCfg = Release|Any CPU
		{FAC93627-115D-DF7E-271F-6C21088C2EDF}.Release|Any CPU.Build.0 = Release|Any CPU
		{24CC9C5F-BC60-8FAA-D558-7DC1B92A53AF}.Debug|Any CPU.ActiveCfg = Debug|Any CPU
		{24CC9C5F-BC60-8FAA-D558-7DC1B92A53AF}.Debug|Any CPU.Build.0 = Debug|Any CPU
		{24CC9C5F-BC60-8FAA-D558-7DC1B92A53AF}.Release|Any CPU.ActiveCfg = Release|Any CPU
		{24CC9C5F-BC60-8FAA-D558-7DC1B92A53AF}.Release|Any CPU.Build.0 = Release|Any CPU
		{5237C63C-FFD4-0ACA-5473-61D9F73D9A5B}.Debug|Any CPU.ActiveCfg = Debug|Any CPU
		{5237C63C-FFD4-0ACA-5473-61D9F73D9A5B}.Debug|Any CPU.Build.0 = Debug|Any CPU
		{5237C63C-FFD4-0ACA-5473-61D9F73D9A5B}.Release|Any CPU.ActiveCfg = Release|Any CPU
		{5237C63C-FFD4-0ACA-5473-61D9F73D9A5B}.Release|Any CPU.Build.0 = Release|Any CPU
		{D3F44CB4-F5A6-B2CA-4CAB-CD50A5F597D2}.Debug|Any CPU.ActiveCfg = Debug|Any CPU
		{D3F44CB4-F5A6-B2CA-4CAB-CD50A5F597D2}.Debug|Any CPU.Build.0 = Debug|Any CPU
		{D3F44CB4-F5A6-B2CA-4CAB-CD50A5F597D2}.Release|Any CPU.ActiveCfg = Release|Any CPU
		{D3F44CB4-F5A6-B2CA-4CAB-CD50A5F597D2}.Release|Any CPU.Build.0 = Release|Any CPU
		{20146845-EF6A-FC55-DA2F-BCB5B77BEB0F}.Debug|Any CPU.ActiveCfg = Debug|Any CPU
		{20146845-EF6A-FC55-DA2F-BCB5B77BEB0F}.Debug|Any CPU.Build.0 = Debug|Any CPU
		{20146845-EF6A-FC55-DA2F-BCB5B77BEB0F}.Release|Any CPU.ActiveCfg = Release|Any CPU
		{20146845-EF6A-FC55-DA2F-BCB5B77BEB0F}.Release|Any CPU.Build.0 = Release|Any CPU
		{3318AE72-236C-7F25-4198-EA57396E7559}.Debug|Any CPU.ActiveCfg = Debug|Any CPU
		{3318AE72-236C-7F25-4198-EA57396E7559}.Debug|Any CPU.Build.0 = Debug|Any CPU
		{3318AE72-236C-7F25-4198-EA57396E7559}.Release|Any CPU.ActiveCfg = Release|Any CPU
		{3318AE72-236C-7F25-4198-EA57396E7559}.Release|Any CPU.Build.0 = Release|Any CPU
		{5F51A84B-2FBD-19D6-65AF-31D4079740B6}.Debug|Any CPU.ActiveCfg = Debug|Any CPU
		{5F51A84B-2FBD-19D6-65AF-31D4079740B6}.Debug|Any CPU.Build.0 = Debug|Any CPU
		{5F51A84B-2FBD-19D6-65AF-31D4079740B6}.Release|Any CPU.ActiveCfg = Release|Any CPU
		{5F51A84B-2FBD-19D6-65AF-31D4079740B6}.Release|Any CPU.Build.0 = Release|Any CPU
		{299B22BE-7AB2-4BFE-3871-B9E40655D5A8}.Debug|Any CPU.ActiveCfg = Debug|Any CPU
		{299B22BE-7AB2-4BFE-3871-B9E40655D5A8}.Debug|Any CPU.Build.0 = Debug|Any CPU
		{299B22BE-7AB2-4BFE-3871-B9E40655D5A8}.Release|Any CPU.ActiveCfg = Release|Any CPU
		{299B22BE-7AB2-4BFE-3871-B9E40655D5A8}.Release|Any CPU.Build.0 = Release|Any CPU
		{0917092B-EF0B-176C-6C1E-55BA26AEF40C}.Debug|Any CPU.ActiveCfg = Debug|Any CPU
		{0917092B-EF0B-176C-6C1E-55BA26AEF40C}.Debug|Any CPU.Build.0 = Debug|Any CPU
		{0917092B-EF0B-176C-6C1E-55BA26AEF40C}.Release|Any CPU.ActiveCfg = Release|Any CPU
		{0917092B-EF0B-176C-6C1E-55BA26AEF40C}.Release|Any CPU.Build.0 = Release|Any CPU
		{C4A2708B-9EFB-FD2E-E2EB-34D4A32108C8}.Debug|Any CPU.ActiveCfg = Debug|Any CPU
		{C4A2708B-9EFB-FD2E-E2EB-34D4A32108C8}.Debug|Any CPU.Build.0 = Debug|Any CPU
		{C4A2708B-9EFB-FD2E-E2EB-34D4A32108C8}.Release|Any CPU.ActiveCfg = Release|Any CPU
		{C4A2708B-9EFB-FD2E-E2EB-34D4A32108C8}.Release|Any CPU.Build.0 = Release|Any CPU
		{E3E9D8D3-D613-7A44-1B4C-1DC09418D50D}.Debug|Any CPU.ActiveCfg = Debug|Any CPU
		{E3E9D8D3-D613-7A44-1B4C-1DC09418D50D}.Debug|Any CPU.Build.0 = Debug|Any CPU
		{E3E9D8D3-D613-7A44-1B4C-1DC09418D50D}.Release|Any CPU.ActiveCfg = Release|Any CPU
		{E3E9D8D3-D613-7A44-1B4C-1DC09418D50D}.Release|Any CPU.Build.0 = Release|Any CPU
		{1F278838-EAD6-AE1B-E87C-978070ED02B3}.Debug|Any CPU.ActiveCfg = Debug|Any CPU
		{1F278838-EAD6-AE1B-E87C-978070ED02B3}.Debug|Any CPU.Build.0 = Debug|Any CPU
		{1F278838-EAD6-AE1B-E87C-978070ED02B3}.Release|Any CPU.ActiveCfg = Release|Any CPU
		{1F278838-EAD6-AE1B-E87C-978070ED02B3}.Release|Any CPU.Build.0 = Release|Any CPU
		{AC6AFB63-D72C-A4C4-97F2-95EFAD93DBF2}.Debug|Any CPU.ActiveCfg = Debug|Any CPU
		{AC6AFB63-D72C-A4C4-97F2-95EFAD93DBF2}.Debug|Any CPU.Build.0 = Debug|Any CPU
		{AC6AFB63-D72C-A4C4-97F2-95EFAD93DBF2}.Release|Any CPU.ActiveCfg = Release|Any CPU
		{AC6AFB63-D72C-A4C4-97F2-95EFAD93DBF2}.Release|Any CPU.Build.0 = Release|Any CPU
		{373B1D0C-D21E-858C-2485-4116A0EAB290}.Debug|Any CPU.ActiveCfg = Debug|Any CPU
		{373B1D0C-D21E-858C-2485-4116A0EAB290}.Debug|Any CPU.Build.0 = Debug|Any CPU
		{373B1D0C-D21E-858C-2485-4116A0EAB290}.Release|Any CPU.ActiveCfg = Release|Any CPU
		{373B1D0C-D21E-858C-2485-4116A0EAB290}.Release|Any CPU.Build.0 = Release|Any CPU
		{0D280AC9-E0C4-BC8B-0126-DADD60C03D7A}.Debug|Any CPU.ActiveCfg = Debug|Any CPU
		{0D280AC9-E0C4-BC8B-0126-DADD60C03D7A}.Debug|Any CPU.Build.0 = Debug|Any CPU
		{0D280AC9-E0C4-BC8B-0126-DADD60C03D7A}.Release|Any CPU.ActiveCfg = Release|Any CPU
		{0D280AC9-E0C4-BC8B-0126-DADD60C03D7A}.Release|Any CPU.Build.0 = Release|Any CPU
		{073A4CE0-BF69-5403-C664-5D2F55E34F89}.Debug|Any CPU.ActiveCfg = Debug|Any CPU
		{073A4CE0-BF69-5403-C664-5D2F55E34F89}.Debug|Any CPU.Build.0 = Debug|Any CPU
		{073A4CE0-BF69-5403-C664-5D2F55E34F89}.Release|Any CPU.ActiveCfg = Release|Any CPU
		{073A4CE0-BF69-5403-C664-5D2F55E34F89}.Release|Any CPU.Build.0 = Release|Any CPU
		{C0E267BF-DAF6-33B3-9417-778E004484DE}.Debug|Any CPU.ActiveCfg = Debug|Any CPU
		{C0E267BF-DAF6-33B3-9417-778E004484DE}.Debug|Any CPU.Build.0 = Debug|Any CPU
		{C0E267BF-DAF6-33B3-9417-778E004484DE}.Release|Any CPU.ActiveCfg = Release|Any CPU
		{C0E267BF-DAF6-33B3-9417-778E004484DE}.Release|Any CPU.Build.0 = Release|Any CPU
		{C75DAE27-CE1A-5E50-7709-27F75804F80A}.Debug|Any CPU.ActiveCfg = Debug|Any CPU
		{C75DAE27-CE1A-5E50-7709-27F75804F80A}.Debug|Any CPU.Build.0 = Debug|Any CPU
		{C75DAE27-CE1A-5E50-7709-27F75804F80A}.Release|Any CPU.ActiveCfg = Release|Any CPU
		{C75DAE27-CE1A-5E50-7709-27F75804F80A}.Release|Any CPU.Build.0 = Release|Any CPU
		{45AC18A1-EA40-FA22-4C62-D7921AFB8DCF}.Debug|Any CPU.ActiveCfg = Debug|Any CPU
		{45AC18A1-EA40-FA22-4C62-D7921AFB8DCF}.Debug|Any CPU.Build.0 = Debug|Any CPU
		{45AC18A1-EA40-FA22-4C62-D7921AFB8DCF}.Release|Any CPU.ActiveCfg = Release|Any CPU
		{45AC18A1-EA40-FA22-4C62-D7921AFB8DCF}.Release|Any CPU.Build.0 = Release|Any CPU
		{7BDBC597-BDF4-7BA2-3871-CF035C0A8B83}.Debug|Any CPU.ActiveCfg = Debug|Any CPU
		{7BDBC597-BDF4-7BA2-3871-CF035C0A8B83}.Debug|Any CPU.Build.0 = Debug|Any CPU
		{7BDBC597-BDF4-7BA2-3871-CF035C0A8B83}.Release|Any CPU.ActiveCfg = Release|Any CPU
		{7BDBC597-BDF4-7BA2-3871-CF035C0A8B83}.Release|Any CPU.Build.0 = Release|Any CPU
		{698E7A44-131B-B149-5319-6BD8DC8E4E4E}.Debug|Any CPU.ActiveCfg = Debug|Any CPU
		{698E7A44-131B-B149-5319-6BD8DC8E4E4E}.Debug|Any CPU.Build.0 = Debug|Any CPU
		{698E7A44-131B-B149-5319-6BD8DC8E4E4E}.Release|Any CPU.ActiveCfg = Release|Any CPU
		{698E7A44-131B-B149-5319-6BD8DC8E4E4E}.Release|Any CPU.Build.0 = Release|Any CPU
		{B49DA107-70D4-604F-BB3B-9233F54A9602}.Debug|Any CPU.ActiveCfg = Debug|Any CPU
		{B49DA107-70D4-604F-BB3B-9233F54A9602}.Debug|Any CPU.Build.0 = Debug|Any CPU
		{B49DA107-70D4-604F-BB3B-9233F54A9602}.Release|Any CPU.ActiveCfg = Release|Any CPU
		{B49DA107-70D4-604F-BB3B-9233F54A9602}.Release|Any CPU.Build.0 = Release|Any CPU
		{A0533ABB-3F32-A8C9-7EE6-6A7095FBCC8E}.Debug|Any CPU.ActiveCfg = Debug|Any CPU
		{A0533ABB-3F32-A8C9-7EE6-6A7095FBCC8E}.Debug|Any CPU.Build.0 = Debug|Any CPU
		{A0533ABB-3F32-A8C9-7EE6-6A7095FBCC8E}.Release|Any CPU.ActiveCfg = Release|Any CPU
		{A0533ABB-3F32-A8C9-7EE6-6A7095FBCC8E}.Release|Any CPU.Build.0 = Release|Any CPU
		{EFD37CB1-2176-B167-F995-09523356CA7A}.Debug|Any CPU.ActiveCfg = Debug|Any CPU
		{EFD37CB1-2176-B167-F995-09523356CA7A}.Debug|Any CPU.Build.0 = Debug|Any CPU
		{EFD37CB1-2176-B167-F995-09523356CA7A}.Release|Any CPU.ActiveCfg = Release|Any CPU
		{EFD37CB1-2176-B167-F995-09523356CA7A}.Release|Any CPU.Build.0 = Release|Any CPU
	EndGlobalSection
	GlobalSection(SolutionProperties) = preSolution
		HideSolutionNode = FALSE
	EndGlobalSection
EndGlobal
